// !$*UTF8*$!
{
	archiveVersion = 1;
	classes = {
	};
	objectVersion = 77;
	objects = {

/* Begin PBXBuildFile section */
		32C633F01AAC42F4BDF74068 /* cpp/src/rawConverter.cpp in Sources */ = {isa = PBXBuildFile; fileRef = F2E8E12934E540C0B4420F5B /* cpp/src/rawConverter.cpp */; };
		3799FC9948054DFB96C51AA0 /* cpp/src/jsonManager.cpp in Sources */ = {isa = PBXBuildFile; fileRef = 11CA3B5B5DB44130B87D0746 /* cpp/src/jsonManager.cpp */; };
		3C2CDB74DF39451398CCB802 /* src/fileScanner.cpp in Sources */ = {isa = PBXBuildFile; fileRef = 5E320B565AB2414B97D311B4 /* src/fileScanner.cpp */; };
		5145714F6BAE4099AB0AD1AC /* cpp/src/appRunner.cpp in Sources */ = {isa = PBXBuildFile; fileRef = CF3BE81B0BCF41EAB06427F4 /* cpp/src/appRunner.cpp */; };
		51F2D3135A414442BF8DBB5A /* src/appRunner.cpp in Sources */ = {isa = PBXBuildFile; fileRef = AE65D91F993140EC9176F938 /* src/appRunner.cpp */; };
		6AD029932C234022929744B2 /* main.cpp in Sources */ = {isa = PBXBuildFile; fileRef = CBFD07FF7E2F464E8E4F405A /* main.cpp */; };
		7968CFF164734D93A3EDC4B6 /* src/configLoader.cpp in Sources */ = {isa = PBXBuildFile; fileRef = 6FABC1AF34A2400EABB56DD3 /* src/configLoader.cpp */; };
		847F76F611DE46119F6B51D4 /* src/imageAnalyzer.cpp in Sources */ = {isa = PBXBuildFile; fileRef = FAD190DAD67B4AA1B4E5E90A /* src/imageAnalyzer.cpp */; };
		88DCC893FC624A2087B49DC5 /* cpp/src/taskState.cpp in Sources */ = {isa = PBXBuildFile; fileRef = 703942AC0593451B98A8D65F /* cpp/src/taskState.cpp */; };
		907741988F7F4F8EBE786674 /* cpp/src/fileScanner.cpp in Sources */ = {isa = PBXBuildFile; fileRef = AC8DCC74E21A4967979839AE /* cpp/src/fileScanner.cpp */; };
		934AD4F746284922AD9628BB /* cpp/src/imageAnalyzer.cpp in Sources */ = {isa = PBXBuildFile; fileRef = 3D84AE4C73D74AEBAD670871 /* cpp/src/imageAnalyzer.cpp */; };
		9941EDA579DC4662B1BA1DB9 /* src/jsonManager.cpp in Sources */ = {isa = PBXBuildFile; fileRef = 49AE7CD90F63498B8D7A83D3 /* src/jsonManager.cpp */; };
		A10000000000000000000001 /* src/macImageAnalyzer.mm in Sources */ = {isa = PBXBuildFile; fileRef = A10000000000000000000005 /* src/macImageAnalyzer.mm */; };
		A10000000000000000000002 /* src/gpuSupport.mm in Sources */ = {isa = PBXBuildFile; fileRef = A10000000000000000000006 /* src/gpuSupport.mm */; };
		A10000000000000000000003 /* cpp/src/macImageAnalyzer.mm in Sources */ = {isa = PBXBuildFile; fileRef = A10000000000000000000007 /* cpp/src/macImageAnalyzer.mm */; };
		A10000000000000000000004 /* cpp/src/gpuSupport.mm in Sources */ = {isa = PBXBuildFile; fileRef = A10000000000000000000008 /* cpp/src/gpuSupport.mm */; };
		A10000000000000000000020 /* rawViewer/photoModels.swift in Sources */ = {isa = PBXBuildFile; fileRef = A10000000000000000000022 /* rawViewer/photoModels.swift */; };
		A10000000000000000000024 /* rawViewer/photoAnalyzerBridge.mm in Sources */ = {isa = PBXBuildFile; fileRef = A10000000000000000000026 /* rawViewer/photoAnalyzerBridge.mm */; };
		A10000000000000000000028 /* rawViewer/photoAnalyzerBridge.swift in Sources */ = {isa = PBXBuildFile; fileRef = A1000000000000000000002A /* rawViewer/photoAnalyzerBridge.swift */; };
		A10000000000000000000029 /* rawViewer/mainWindowController.swift in Sources */ = {isa = PBXBuildFile; fileRef = A1000000000000000000002B /* rawViewer/mainWindowController.swift */; };
		A10000000000000000000030 /* src/taskState.cpp in Sources */ = {isa = PBXBuildFile; fileRef = 1F2554B820E6450384435CF1 /* src/taskState.cpp */; };
		A10000000000000000000031 /* src/configLoader.cpp in Sources */ = {isa = PBXBuildFile; fileRef = 6FABC1AF34A2400EABB56DD3 /* src/configLoader.cpp */; };
		A10000000000000000000032 /* src/fileScanner.cpp in Sources */ = {isa = PBXBuildFile; fileRef = 5E320B565AB2414B97D311B4 /* src/fileScanner.cpp */; };
		A10000000000000000000033 /* src/jsonManager.cpp in Sources */ = {isa = PBXBuildFile; fileRef = 49AE7CD90F63498B8D7A83D3 /* src/jsonManager.cpp */; };
		A10000000000000000000034 /* src/resumePlanner.cpp in Sources */ = {isa = PBXBuildFile; fileRef = 49DA5498DB9A4FED905CBACE /* src/resumePlanner.cpp */; };
		A10000000000000000000035 /* src/threadPool.cpp in Sources */ = {isa = PBXBuildFile; fileRef = 658EF623F49F4E8BA73BF670 /* src/threadPool.cpp */; };
		A10000000000000000000036 /* src/rawConverter.cpp in Sources */ = {isa = PBXBuildFile; fileRef = 15EDE1DAC1404C96B23F5602 /* src/rawConverter.cpp */; };
		A10000000000000000000037 /* src/imageAnalyzer.cpp in Sources */ = {isa = PBXBuildFile; fileRef = FAD190DAD67B4AA1B4E5E90A /* src/imageAnalyzer.cpp */; };
		A10000000000000000000038 /* src/appRunner.cpp in Sources */ = {isa = PBXBuildFile; fileRef = AE65D91F993140EC9176F938 /* src/appRunner.cpp */; };
		A10000000000000000000039 /* src/macImageAnalyzer.mm in Sources */ = {isa = PBXBuildFile; fileRef = A10000000000000000000005 /* src/macImageAnalyzer.mm */; };
		A1000000000000000000003A /* src/gpuSupport.mm in Sources */ = {isa = PBXBuildFile; fileRef = A10000000000000000000006 /* src/gpuSupport.mm */; };
		A10000000000000000000040 /* rawViewer/startViewController.swift in Sources */ = {isa = PBXBuildFile; fileRef = A10000000000000000000042 /* rawViewer/startViewController.swift */; };
		A10000000000000000000041 /* rawViewer/progressViewController.swift in Sources */ = {isa = PBXBuildFile; fileRef = A10000000000000000000043 /* rawViewer/progressViewController.swift */; };
		A10000000000000000000046 /* rawViewer/photoThumbnailCache.swift in Sources */ = {isa = PBXBuildFile; fileRef = A10000000000000000000050 /* rawViewer/photoThumbnailCache.swift */; };
		A10000000000000000000047 /* rawViewer/groupGridViewController.swift in Sources */ = {isa = PBXBuildFile; fileRef = A10000000000000000000051 /* rawViewer/groupGridViewController.swift */; };
		A10000000000000000000048 /* rawViewer/metalPhotoView.swift in Sources */ = {isa = PBXBuildFile; fileRef = A10000000000000000000052 /* rawViewer/metalPhotoView.swift */; };
		A10000000000000000000049 /* rawViewer/jsonReviewStateStore.swift in Sources */ = {isa = PBXBuildFile; fileRef = A10000000000000000000053 /* rawViewer/jsonReviewStateStore.swift */; };
		A1000000000000000000004A /* rawViewer/photoBrowserViewController.swift in Sources */ = {isa = PBXBuildFile; fileRef = A10000000000000000000054 /* rawViewer/photoBrowserViewController.swift */; };
		A1000000000000000000004B /* rawViewer/duplicateCompareViewController.swift in Sources */ = {isa = PBXBuildFile; fileRef = A10000000000000000000055 /* rawViewer/duplicateCompareViewController.swift */; };
		A10000000000000000000064 /* rawViewer/main.swift in Sources */ = {isa = PBXBuildFile; fileRef = A10000000000000000000066 /* rawViewer/main.swift */; };
		A10000000000000000000065 /* rawViewer/appDelegate.swift in Sources */ = {isa = PBXBuildFile; fileRef = A10000000000000000000067 /* rawViewer/appDelegate.swift */; };
		A10000000000000000000062 /* src/jpgWriter.mm in Sources */ = {isa = PBXBuildFile; fileRef = A10000000000000000000060 /* src/jpgWriter.mm */; };
		A10000000000000000000063 /* src/photoMetadataReader.mm in Sources */ = {isa = PBXBuildFile; fileRef = A10000000000000000000061 /* src/photoMetadataReader.mm */; };
		A76797A1E91643A2AC8B1E2A /* cpp/src/threadPool.cpp in Sources */ = {isa = PBXBuildFile; fileRef = C436A86835A3415D8ABE383A /* cpp/src/threadPool.cpp */; };
		B84C9CC29F1E4535B4B6A666 /* src/threadPool.cpp in Sources */ = {isa = PBXBuildFile; fileRef = 658EF623F49F4E8BA73BF670 /* src/threadPool.cpp */; };
		BCD572C60E754BBBA511220E /* cpp/src/resumePlanner.cpp in Sources */ = {isa = PBXBuildFile; fileRef = C0C0672C5D2F4C5B8AE7DB42 /* cpp/src/resumePlanner.cpp */; };
		BE83762DF1204F5FA17F1918 /* src/rawConverter.cpp in Sources */ = {isa = PBXBuildFile; fileRef = 15EDE1DAC1404C96B23F5602 /* src/rawConverter.cpp */; };
		C32E0AF602CE46B886ADCCF3 /* cpp/src/configLoader.cpp in Sources */ = {isa = PBXBuildFile; fileRef = 1AA69733F7184F559F4E3773 /* cpp/src/configLoader.cpp */; };
		CED0B665F71341B6B4D1001B /* src/resumePlanner.cpp in Sources */ = {isa = PBXBuildFile; fileRef = 49DA5498DB9A4FED905CBACE /* src/resumePlanner.cpp */; };
		E445CCDC0FF14B34A028B934 /* src/taskState.cpp in Sources */ = {isa = PBXBuildFile; fileRef = 1F2554B820E6450384435CF1 /* src/taskState.cpp */; };
/* End PBXBuildFile section */

/* Begin PBXFileReference section */
		11CA3B5B5DB44130B87D0746 /* cpp/src/jsonManager.cpp */ = {isa = PBXFileReference; lastKnownFileType = sourcecode.cpp.cpp; path = cpp/src/jsonManager.cpp; sourceTree = "<group>"; };
		15EDE1DAC1404C96B23F5602 /* src/rawConverter.cpp */ = {isa = PBXFileReference; lastKnownFileType = sourcecode.cpp.cpp; path = src/rawConverter.cpp; sourceTree = "<group>"; };
		1A09E7E71F19468D8B698756 /* PhotoAnalyzerCLI */ = {isa = PBXFileReference; explicitFileType = "compiled.mach-o.executable"; includeInIndex = 0; path = PhotoAnalyzerCLI; sourceTree = BUILT_PRODUCTS_DIR; };
		1AA69733F7184F559F4E3773 /* cpp/src/configLoader.cpp */ = {isa = PBXFileReference; lastKnownFileType = sourcecode.cpp.cpp; path = cpp/src/configLoader.cpp; sourceTree = "<group>"; };
		1F2554B820E6450384435CF1 /* src/taskState.cpp */ = {isa = PBXFileReference; lastKnownFileType = sourcecode.cpp.cpp; path = src/taskState.cpp; sourceTree = "<group>"; };
		3D84AE4C73D74AEBAD670871 /* cpp/src/imageAnalyzer.cpp */ = {isa = PBXFileReference; lastKnownFileType = sourcecode.cpp.cpp; path = cpp/src/imageAnalyzer.cpp; sourceTree = "<group>"; };
		49AE7CD90F63498B8D7A83D3 /* src/jsonManager.cpp */ = {isa = PBXFileReference; lastKnownFileType = sourcecode.cpp.cpp; path = src/jsonManager.cpp; sourceTree = "<group>"; };
		49DA5498DB9A4FED905CBACE /* src/resumePlanner.cpp */ = {isa = PBXFileReference; lastKnownFileType = sourcecode.cpp.cpp; path = src/resumePlanner.cpp; sourceTree = "<group>"; };
		5E320B565AB2414B97D311B4 /* src/fileScanner.cpp */ = {isa = PBXFileReference; lastKnownFileType = sourcecode.cpp.cpp; path = src/fileScanner.cpp; sourceTree = "<group>"; };
		658EF623F49F4E8BA73BF670 /* src/threadPool.cpp */ = {isa = PBXFileReference; lastKnownFileType = sourcecode.cpp.cpp; path = src/threadPool.cpp; sourceTree = "<group>"; };
		6FABC1AF34A2400EABB56DD3 /* src/configLoader.cpp */ = {isa = PBXFileReference; lastKnownFileType = sourcecode.cpp.cpp; path = src/configLoader.cpp; sourceTree = "<group>"; };
		703942AC0593451B98A8D65F /* cpp/src/taskState.cpp */ = {isa = PBXFileReference; lastKnownFileType = sourcecode.cpp.cpp; path = cpp/src/taskState.cpp; sourceTree = "<group>"; };
		A10000000000000000000005 /* src/macImageAnalyzer.mm */ = {isa = PBXFileReference; lastKnownFileType = sourcecode.cpp.objcpp; path = src/macImageAnalyzer.mm; sourceTree = "<group>"; };
		A10000000000000000000006 /* src/gpuSupport.mm */ = {isa = PBXFileReference; lastKnownFileType = sourcecode.cpp.objcpp; path = src/gpuSupport.mm; sourceTree = "<group>"; };
		A10000000000000000000007 /* cpp/src/macImageAnalyzer.mm */ = {isa = PBXFileReference; lastKnownFileType = sourcecode.cpp.objcpp; path = cpp/src/macImageAnalyzer.mm; sourceTree = "<group>"; };
		A10000000000000000000008 /* cpp/src/gpuSupport.mm */ = {isa = PBXFileReference; lastKnownFileType = sourcecode.cpp.objcpp; path = cpp/src/gpuSupport.mm; sourceTree = "<group>"; };
		A10000000000000000000022 /* rawViewer/photoModels.swift */ = {isa = PBXFileReference; lastKnownFileType = sourcecode.swift; path = rawViewer/photoModels.swift; sourceTree = SOURCE_ROOT; };
		A10000000000000000000026 /* rawViewer/photoAnalyzerBridge.mm */ = {isa = PBXFileReference; lastKnownFileType = sourcecode.cpp.objcpp; path = rawViewer/photoAnalyzerBridge.mm; sourceTree = SOURCE_ROOT; };
		A1000000000000000000002A /* rawViewer/photoAnalyzerBridge.swift */ = {isa = PBXFileReference; lastKnownFileType = sourcecode.swift; path = rawViewer/photoAnalyzerBridge.swift; sourceTree = SOURCE_ROOT; };
		A1000000000000000000002B /* rawViewer/mainWindowController.swift */ = {isa = PBXFileReference; lastKnownFileType = sourcecode.swift; path = rawViewer/mainWindowController.swift; sourceTree = SOURCE_ROOT; };
		A10000000000000000000042 /* rawViewer/startViewController.swift */ = {isa = PBXFileReference; lastKnownFileType = sourcecode.swift; path = rawViewer/startViewController.swift; sourceTree = SOURCE_ROOT; };
		A10000000000000000000043 /* rawViewer/progressViewController.swift */ = {isa = PBXFileReference; lastKnownFileType = sourcecode.swift; path = rawViewer/progressViewController.swift; sourceTree = SOURCE_ROOT; };
		A10000000000000000000050 /* rawViewer/photoThumbnailCache.swift */ = {isa = PBXFileReference; lastKnownFileType = sourcecode.swift; path = rawViewer/photoThumbnailCache.swift; sourceTree = SOURCE_ROOT; };
		A10000000000000000000051 /* rawViewer/groupGridViewController.swift */ = {isa = PBXFileReference; lastKnownFileType = sourcecode.swift; path = rawViewer/groupGridViewController.swift; sourceTree = SOURCE_ROOT; };
		A10000000000000000000052 /* rawViewer/metalPhotoView.swift */ = {isa = PBXFileReference; lastKnownFileType = sourcecode.swift; path = rawViewer/metalPhotoView.swift; sourceTree = SOURCE_ROOT; };
		A10000000000000000000053 /* rawViewer/jsonReviewStateStore.swift */ = {isa = PBXFileReference; lastKnownFileType = sourcecode.swift; path = rawViewer/jsonReviewStateStore.swift; sourceTree = SOURCE_ROOT; };
		A10000000000000000000054 /* rawViewer/photoBrowserViewController.swift */ = {isa = PBXFileReference; lastKnownFileType = sourcecode.swift; path = rawViewer/photoBrowserViewController.swift; sourceTree = SOURCE_ROOT; };
		A10000000000000000000055 /* rawViewer/duplicateCompareViewController.swift */ = {isa = PBXFileReference; lastKnownFileType = sourcecode.swift; path = rawViewer/duplicateCompareViewController.swift; sourceTree = SOURCE_ROOT; };
		A10000000000000000000066 /* rawViewer/main.swift */ = {isa = PBXFileReference; lastKnownFileType = sourcecode.swift; path = rawViewer/main.swift; sourceTree = SOURCE_ROOT; };
		A10000000000000000000067 /* rawViewer/appDelegate.swift */ = {isa = PBXFileReference; lastKnownFileType = sourcecode.swift; path = rawViewer/appDelegate.swift; sourceTree = SOURCE_ROOT; };
		A10000000000000000000060 /* src/jpgWriter.mm */ = {isa = PBXFileReference; lastKnownFileType = sourcecode.cpp.objcpp; path = src/jpgWriter.mm; sourceTree = "<group>"; };
		A10000000000000000000061 /* src/photoMetadataReader.mm */ = {isa = PBXFileReference; lastKnownFileType = sourcecode.cpp.objcpp; path = src/photoMetadataReader.mm; sourceTree = "<group>"; };
		AC8DCC74E21A4967979839AE /* cpp/src/fileScanner.cpp */ = {isa = PBXFileReference; lastKnownFileType = sourcecode.cpp.cpp; path = cpp/src/fileScanner.cpp; sourceTree = "<group>"; };
		AE65D91F993140EC9176F938 /* src/appRunner.cpp */ = {isa = PBXFileReference; lastKnownFileType = sourcecode.cpp.cpp; path = src/appRunner.cpp; sourceTree = "<group>"; };
		BB32040B54904569BDB64035 /* rawViewerTests.xctest */ = {isa = PBXFileReference; explicitFileType = wrapper.cfbundle; includeInIndex = 0; path = rawViewerTests.xctest; sourceTree = BUILT_PRODUCTS_DIR; };
		C0C0672C5D2F4C5B8AE7DB42 /* cpp/src/resumePlanner.cpp */ = {isa = PBXFileReference; lastKnownFileType = sourcecode.cpp.cpp; path = cpp/src/resumePlanner.cpp; sourceTree = "<group>"; };
		C436A86835A3415D8ABE383A /* cpp/src/threadPool.cpp */ = {isa = PBXFileReference; lastKnownFileType = sourcecode.cpp.cpp; path = cpp/src/threadPool.cpp; sourceTree = "<group>"; };
		CBFD07FF7E2F464E8E4F405A /* main.cpp */ = {isa = PBXFileReference; lastKnownFileType = sourcecode.cpp.cpp; path = main.cpp; sourceTree = "<group>"; };
		CF3BE81B0BCF41EAB06427F4 /* cpp/src/appRunner.cpp */ = {isa = PBXFileReference; lastKnownFileType = sourcecode.cpp.cpp; path = cpp/src/appRunner.cpp; sourceTree = "<group>"; };
		D8DB71302FC92FEA00F93F82 /* rawViewer.app */ = {isa = PBXFileReference; explicitFileType = wrapper.application; includeInIndex = 0; path = rawViewer.app; sourceTree = BUILT_PRODUCTS_DIR; };
		F2E8E12934E540C0B4420F5B /* cpp/src/rawConverter.cpp */ = {isa = PBXFileReference; lastKnownFileType = sourcecode.cpp.cpp; path = cpp/src/rawConverter.cpp; sourceTree = "<group>"; };
		FAD190DAD67B4AA1B4E5E90A /* src/imageAnalyzer.cpp */ = {isa = PBXFileReference; lastKnownFileType = sourcecode.cpp.cpp; path = src/imageAnalyzer.cpp; sourceTree = "<group>"; };
/* End PBXFileReference section */

/* Begin PBXFileSystemSynchronizedRootGroup section */
		D8DB71322FC92FEA00F93F82 /* rawViewer */ = {
			isa = PBXFileSystemSynchronizedRootGroup;
			path = rawViewer;
			sourceTree = "<group>";
		};
/* End PBXFileSystemSynchronizedRootGroup section */

/* Begin PBXFrameworksBuildPhase section */
		5D22961DA10749A287C56954 /* Frameworks */ = {
			isa = PBXFrameworksBuildPhase;
			buildActionMask = 2147483647;
			files = (
			);
			runOnlyForDeploymentPostprocessing = 0;
		};
		C1D9EB9CA8FA4D76A4792636 /* Frameworks */ = {
			isa = PBXFrameworksBuildPhase;
			buildActionMask = 2147483647;
			files = (
			);
			runOnlyForDeploymentPostprocessing = 0;
		};
		D8DB712D2FC92FEA00F93F82 /* Frameworks */ = {
			isa = PBXFrameworksBuildPhase;
			buildActionMask = 2147483647;
			files = (
			);
			runOnlyForDeploymentPostprocessing = 0;
		};
/* End PBXFrameworksBuildPhase section */

/* Begin PBXGroup section */
		4AE33933EEF34E19AF7037C3 /* cpp */ = {
			isa = PBXGroup;
			children = (
				CBFD07FF7E2F464E8E4F405A /* main.cpp */,
				1F2554B820E6450384435CF1 /* src/taskState.cpp */,
				6FABC1AF34A2400EABB56DD3 /* src/configLoader.cpp */,
				5E320B565AB2414B97D311B4 /* src/fileScanner.cpp */,
				49AE7CD90F63498B8D7A83D3 /* src/jsonManager.cpp */,
				49DA5498DB9A4FED905CBACE /* src/resumePlanner.cpp */,
				658EF623F49F4E8BA73BF670 /* src/threadPool.cpp */,
				15EDE1DAC1404C96B23F5602 /* src/rawConverter.cpp */,
				FAD190DAD67B4AA1B4E5E90A /* src/imageAnalyzer.cpp */,
				A10000000000000000000005 /* src/macImageAnalyzer.mm */,
				A10000000000000000000006 /* src/gpuSupport.mm */,
				AE65D91F993140EC9176F938 /* src/appRunner.cpp */,
				A10000000000000000000060 /* src/jpgWriter.mm */,
				A10000000000000000000061 /* src/photoMetadataReader.mm */,
			);
			path = cpp;
			sourceTree = "<group>";
		};
		A10000000000000000000013 /* rawViewerTests */ = {
			isa = PBXGroup;
			children = (
			);
			name = rawViewerTests;
			path = /Users/wilbur/project/rawViewer/rawViewerTests;
			sourceTree = "<absolute>";
		};
		D88B9DDD2FCEC9AB0023E637 /* Recovered References */ = {
			isa = PBXGroup;
			children = (
				A10000000000000000000022 /* rawViewer/photoModels.swift */,
				A10000000000000000000026 /* rawViewer/photoAnalyzerBridge.mm */,
				A1000000000000000000002A /* rawViewer/photoAnalyzerBridge.swift */,
				A1000000000000000000002B /* rawViewer/mainWindowController.swift */,
				A10000000000000000000042 /* rawViewer/startViewController.swift */,
				A10000000000000000000043 /* rawViewer/progressViewController.swift */,
				A10000000000000000000050 /* rawViewer/photoThumbnailCache.swift */,
				A10000000000000000000051 /* rawViewer/groupGridViewController.swift */,
				A10000000000000000000052 /* rawViewer/metalPhotoView.swift */,
				A10000000000000000000053 /* rawViewer/jsonReviewStateStore.swift */,
				A10000000000000000000054 /* rawViewer/photoBrowserViewController.swift */,
				A10000000000000000000055 /* rawViewer/duplicateCompareViewController.swift */,
				A10000000000000000000066 /* rawViewer/main.swift */,
				A10000000000000000000067 /* rawViewer/appDelegate.swift */,
				703942AC0593451B98A8D65F /* cpp/src/taskState.cpp */,
				1AA69733F7184F559F4E3773 /* cpp/src/configLoader.cpp */,
				AC8DCC74E21A4967979839AE /* cpp/src/fileScanner.cpp */,
				11CA3B5B5DB44130B87D0746 /* cpp/src/jsonManager.cpp */,
				C0C0672C5D2F4C5B8AE7DB42 /* cpp/src/resumePlanner.cpp */,
				C436A86835A3415D8ABE383A /* cpp/src/threadPool.cpp */,
				F2E8E12934E540C0B4420F5B /* cpp/src/rawConverter.cpp */,
				3D84AE4C73D74AEBAD670871 /* cpp/src/imageAnalyzer.cpp */,
				A10000000000000000000007 /* cpp/src/macImageAnalyzer.mm */,
				A10000000000000000000008 /* cpp/src/gpuSupport.mm */,
				CF3BE81B0BCF41EAB06427F4 /* cpp/src/appRunner.cpp */,
				A10000000000000000000013 /* rawViewerTests */,
			);
			name = "Recovered References";
			sourceTree = "<group>";
		};
		D8DB71272FC92FEA00F93F82 = {
			isa = PBXGroup;
			children = (
				D8DB71322FC92FEA00F93F82 /* rawViewer */,
				4AE33933EEF34E19AF7037C3 /* cpp */,
				D8DB71312FC92FEA00F93F82 /* Products */,
				D88B9DDD2FCEC9AB0023E637 /* Recovered References */,
			);
			sourceTree = "<group>";
		};
		D8DB71312FC92FEA00F93F82 /* Products */ = {
			isa = PBXGroup;
			children = (
				D8DB71302FC92FEA00F93F82 /* rawViewer.app */,
				1A09E7E71F19468D8B698756 /* PhotoAnalyzerCLI */,
				BB32040B54904569BDB64035 /* rawViewerTests.xctest */,
			);
			name = Products;
			sourceTree = "<group>";
		};
/* End PBXGroup section */

/* Begin PBXNativeTarget section */
		28E1281724674CF8AE843240 /* PhotoAnalyzerCLI */ = {
			isa = PBXNativeTarget;
			buildConfigurationList = F41A89906BE14F78B2C96B05 /* Build configuration list for PBXNativeTarget "PhotoAnalyzerCLI" */;
			buildPhases = (
				3388AFF50D3D48FF9D23CD9F /* Sources */,
				C1D9EB9CA8FA4D76A4792636 /* Frameworks */,
			);
			buildRules = (
			);
			dependencies = (
			);
			name = PhotoAnalyzerCLI;
			packageProductDependencies = (
			);
			productName = PhotoAnalyzerCLI;
			productReference = 1A09E7E71F19468D8B698756 /* PhotoAnalyzerCLI */;
			productType = "com.apple.product-type.tool";
		};
		8FA2C25097464193AF022F3D /* rawViewerTests */ = {
			isa = PBXNativeTarget;
			buildConfigurationList = F27453D2C9F041F4854BEBCB /* Build configuration list for PBXNativeTarget "rawViewerTests" */;
			buildPhases = (
				7A9531FBCB3C4D8495205A34 /* Sources */,
				5D22961DA10749A287C56954 /* Frameworks */,
			);
			buildRules = (
			);
			dependencies = (
			);
			name = rawViewerTests;
			packageProductDependencies = (
			);
			productName = rawViewerTests;
			productReference = BB32040B54904569BDB64035 /* rawViewerTests.xctest */;
			productType = "com.apple.product-type.bundle.unit-test";
		};
		D8DB712F2FC92FEA00F93F82 /* rawViewer */ = {
			isa = PBXNativeTarget;
			buildConfigurationList = D8DB713B2FC92FEB00F93F82 /* Build configuration list for PBXNativeTarget "rawViewer" */;
			buildPhases = (
				D8DB712C2FC92FEA00F93F82 /* Sources */,
				D8DB712D2FC92FEA00F93F82 /* Frameworks */,
				D8DB712E2FC92FEA00F93F82 /* Resources */,
			);
			buildRules = (
			);
			dependencies = (
			);
			fileSystemSynchronizedGroups = (
				4AE33933EEF34E19AF7037C3 /* cpp */,
				A10000000000000000000013 /* rawViewerTests */,
				D8DB71322FC92FEA00F93F82 /* rawViewer */,
			);
			name = rawViewer;
			packageProductDependencies = (
			);
			productName = rawViewer;
			productReference = D8DB71302FC92FEA00F93F82 /* rawViewer.app */;
			productType = "com.apple.product-type.application";
		};
/* End PBXNativeTarget section */

/* Begin PBXProject section */
		D8DB71282FC92FEA00F93F82 /* Project object */ = {
			isa = PBXProject;
			attributes = {
				BuildIndependentTargetsInParallel = 1;
				LastSwiftUpdateCheck = 2630;
				LastUpgradeCheck = 2630;
				TargetAttributes = {
					D8DB712F2FC92FEA00F93F82 = {
						8FA2C25097464193AF022F3D = {
							CreatedOnToolsVersion = 26.3;
						};
						CreatedOnToolsVersion = 26.3;
					};
				};
			};
			buildConfigurationList = D8DB712B2FC92FEA00F93F82 /* Build configuration list for PBXProject "rawViewer" */;
			developmentRegion = en;
			hasScannedForEncodings = 0;
			knownRegions = (
				en,
				Base,
			);
			mainGroup = D8DB71272FC92FEA00F93F82;
			minimizedProjectReferenceProxies = 1;
			preferredProjectObjectVersion = 77;
			productRefGroup = D8DB71312FC92FEA00F93F82 /* Products */;
			projectDirPath = "";
			projectRoot = "";
			targets = (
				D8DB712F2FC92FEA00F93F82 /* rawViewer */,
				28E1281724674CF8AE843240 /* PhotoAnalyzerCLI */,
				8FA2C25097464193AF022F3D /* rawViewerTests */,
			);
		};
/* End PBXProject section */

/* Begin PBXResourcesBuildPhase section */
		D8DB712E2FC92FEA00F93F82 /* Resources */ = {
			isa = PBXResourcesBuildPhase;
			buildActionMask = 2147483647;
			files = (
			);
			runOnlyForDeploymentPostprocessing = 0;
		};
/* End PBXResourcesBuildPhase section */

/* Begin PBXSourcesBuildPhase section */
		3388AFF50D3D48FF9D23CD9F /* Sources */ = {
			isa = PBXSourcesBuildPhase;
			buildActionMask = 2147483647;
			files = (
				6AD029932C234022929744B2 /* main.cpp in Sources */,
				E445CCDC0FF14B34A028B934 /* src/taskState.cpp in Sources */,
				7968CFF164734D93A3EDC4B6 /* src/configLoader.cpp in Sources */,
				3C2CDB74DF39451398CCB802 /* src/fileScanner.cpp in Sources */,
				9941EDA579DC4662B1BA1DB9 /* src/jsonManager.cpp in Sources */,
				CED0B665F71341B6B4D1001B /* src/resumePlanner.cpp in Sources */,
				B84C9CC29F1E4535B4B6A666 /* src/threadPool.cpp in Sources */,
				BE83762DF1204F5FA17F1918 /* src/rawConverter.cpp in Sources */,
				847F76F611DE46119F6B51D4 /* src/imageAnalyzer.cpp in Sources */,
				A10000000000000000000001 /* src/macImageAnalyzer.mm in Sources */,
				A10000000000000000000002 /* src/gpuSupport.mm in Sources */,
				51F2D3135A414442BF8DBB5A /* src/appRunner.cpp in Sources */,
			);
			runOnlyForDeploymentPostprocessing = 0;
		};
		7A9531FBCB3C4D8495205A34 /* Sources */ = {
			isa = PBXSourcesBuildPhase;
			buildActionMask = 2147483647;
			files = (
				A10000000000000000000020 /* rawViewer/photoModels.swift in Sources */,
				A10000000000000000000024 /* rawViewer/photoAnalyzerBridge.mm in Sources */,
				A10000000000000000000028 /* rawViewer/photoAnalyzerBridge.swift in Sources */,
				A10000000000000000000029 /* rawViewer/mainWindowController.swift in Sources */,
				A10000000000000000000040 /* rawViewer/startViewController.swift in Sources */,
				A10000000000000000000041 /* rawViewer/progressViewController.swift in Sources */,
				A10000000000000000000046 /* rawViewer/photoThumbnailCache.swift in Sources */,
				A10000000000000000000047 /* rawViewer/groupGridViewController.swift in Sources */,
				A10000000000000000000048 /* rawViewer/metalPhotoView.swift in Sources */,
				A10000000000000000000049 /* rawViewer/jsonReviewStateStore.swift in Sources */,
				A1000000000000000000004A /* rawViewer/photoBrowserViewController.swift in Sources */,
				A1000000000000000000004B /* rawViewer/duplicateCompareViewController.swift in Sources */,
				A10000000000000000000064 /* rawViewer/main.swift in Sources */,
				A10000000000000000000065 /* rawViewer/appDelegate.swift in Sources */,
				88DCC893FC624A2087B49DC5 /* cpp/src/taskState.cpp in Sources */,
				C32E0AF602CE46B886ADCCF3 /* cpp/src/configLoader.cpp in Sources */,
				907741988F7F4F8EBE786674 /* cpp/src/fileScanner.cpp in Sources */,
				3799FC9948054DFB96C51AA0 /* cpp/src/jsonManager.cpp in Sources */,
				BCD572C60E754BBBA511220E /* cpp/src/resumePlanner.cpp in Sources */,
				A76797A1E91643A2AC8B1E2A /* cpp/src/threadPool.cpp in Sources */,
				32C633F01AAC42F4BDF74068 /* cpp/src/rawConverter.cpp in Sources */,
				934AD4F746284922AD9628BB /* cpp/src/imageAnalyzer.cpp in Sources */,
				A10000000000000000000003 /* cpp/src/macImageAnalyzer.mm in Sources */,
				A10000000000000000000004 /* cpp/src/gpuSupport.mm in Sources */,
				5145714F6BAE4099AB0AD1AC /* cpp/src/appRunner.cpp in Sources */,
			);
			runOnlyForDeploymentPostprocessing = 0;
		};
		D8DB712C2FC92FEA00F93F82 /* Sources */ = {
			isa = PBXSourcesBuildPhase;
			buildActionMask = 2147483647;
			files = (
				A10000000000000000000030 /* src/taskState.cpp in Sources */,
				A10000000000000000000031 /* src/configLoader.cpp in Sources */,
				A10000000000000000000032 /* src/fileScanner.cpp in Sources */,
				A10000000000000000000033 /* src/jsonManager.cpp in Sources */,
				A10000000000000000000034 /* src/resumePlanner.cpp in Sources */,
				A10000000000000000000035 /* src/threadPool.cpp in Sources */,
				A10000000000000000000036 /* src/rawConverter.cpp in Sources */,
				A10000000000000000000037 /* src/imageAnalyzer.cpp in Sources */,
				A10000000000000000000038 /* src/appRunner.cpp in Sources */,
				A10000000000000000000039 /* src/macImageAnalyzer.mm in Sources */,
				A1000000000000000000003A /* src/gpuSupport.mm in Sources */,
				A10000000000000000000062 /* src/jpgWriter.mm in Sources */,
				A10000000000000000000063 /* src/photoMetadataReader.mm in Sources */,
			);
			runOnlyForDeploymentPostprocessing = 0;
		};
/* End PBXSourcesBuildPhase section */

/* Begin XCBuildConfiguration section */
		07204A31C14B405AB4457E4C /* Release */ = {
			isa = XCBuildConfiguration;
			buildSettings = {
				ARCHS = arm64;
				CLANG_CXX_LANGUAGE_STANDARD = "gnu++17";
				CODE_SIGN_STYLE = Automatic;
				HEADER_SEARCH_PATHS = (
					"$(PROJECT_DIR)/cpp/include",
					"$(PROJECT_DIR)/3rdPart/json",
					"$(PROJECT_DIR)/3rdPart/yaml/include",
					"$(PROJECT_DIR)/3rdPart/opencv/include/opencv4",
					"$(PROJECT_DIR)/3rdPart/libraw/include",
				);
				LIBRARY_SEARCH_PATHS = (
					"$(PROJECT_DIR)/3rdPart/opencv/lib",
					"$(PROJECT_DIR)/3rdPart/libraw/lib",
					"$(PROJECT_DIR)/3rdPart/yaml/lib",
				);
				ONLY_ACTIVE_ARCH = YES;
				OTHER_LDFLAGS = (
					"-lopencv_core",
					"-lopencv_imgcodecs",
					"-lopencv_imgproc",
					"-lraw",
					"-lyaml-cpp",
					"-lc++",
					"-framework",
					Accelerate,
					"-framework",
					OpenCL,
					"-framework",
					Metal,
					"-framework",
					CoreImage,
					"-framework",
					CoreGraphics,
					"-lz",
					"-L$(PROJECT_DIR)/3rdPart/opencv/lib/opencv4/3rdparty",
					"-llibpng",
					"-llibjpeg-turbo",
					"-llibtiff",
					"-llibwebp",
					"-llibopenjp2",
					"-lIlmImf",
					"-lzlib",
					"-littnotify",
					"-ltegra_hal",
					"-lkleidicv_hal",
					"-lkleidicv_thread",
					"-lkleidicv",
				);
				PRODUCT_NAME = "$(TARGET_NAME)";
				SDKROOT = macosx;
			};
			name = Release;
		};
		41760C872A7B41F4A8BCB150 /* Debug */ = {
			isa = XCBuildConfiguration;
			buildSettings = {
				ARCHS = arm64;
				CLANG_CXX_LANGUAGE_STANDARD = "gnu++17";
				CODE_SIGN_STYLE = Automatic;
				HEADER_SEARCH_PATHS = (
					"$(PROJECT_DIR)/cpp/include",
					"$(PROJECT_DIR)/3rdPart/json",
					"$(PROJECT_DIR)/3rdPart/yaml/include",
					"$(PROJECT_DIR)/3rdPart/opencv/include/opencv4",
					"$(PROJECT_DIR)/3rdPart/libraw/include",
				);
				LIBRARY_SEARCH_PATHS = (
					"$(PROJECT_DIR)/3rdPart/opencv/lib",
					"$(PROJECT_DIR)/3rdPart/libraw/lib",
					"$(PROJECT_DIR)/3rdPart/yaml/lib",
				);
				ONLY_ACTIVE_ARCH = YES;
				OTHER_LDFLAGS = (
					"-lopencv_core",
					"-lopencv_imgcodecs",
					"-lopencv_imgproc",
					"-lraw",
					"-lyaml-cpp",
					"-lc++",
					"-framework",
					Accelerate,
					"-framework",
					OpenCL,
					"-framework",
					Metal,
					"-framework",
					CoreImage,
					"-framework",
					CoreGraphics,
					"-lz",
					"-L$(PROJECT_DIR)/3rdPart/opencv/lib/opencv4/3rdparty",
					"-llibpng",
					"-llibjpeg-turbo",
					"-llibtiff",
					"-llibwebp",
					"-llibopenjp2",
					"-lIlmImf",
					"-lzlib",
					"-littnotify",
					"-ltegra_hal",
					"-lkleidicv_hal",
					"-lkleidicv_thread",
					"-lkleidicv",
				);
				PRODUCT_NAME = "$(TARGET_NAME)";
				SDKROOT = macosx;
			};
			name = Debug;
		};
		91FD9F604DEC4E94BC16A4FA /* Debug */ = {
			isa = XCBuildConfiguration;
			buildSettings = {
				ARCHS = arm64;
				CLANG_CXX_LANGUAGE_STANDARD = "gnu++17";
				CODE_SIGN_STYLE = Automatic;
				GENERATE_INFOPLIST_FILE = YES;
				HEADER_SEARCH_PATHS = (
					"$(PROJECT_DIR)/cpp/include",
					"$(PROJECT_DIR)/3rdPart/json",
					"$(PROJECT_DIR)/3rdPart/yaml/include",
					"$(PROJECT_DIR)/3rdPart/opencv/include/opencv4",
					"$(PROJECT_DIR)/3rdPart/libraw/include",
				);
				LD_RUNPATH_SEARCH_PATHS = (
					"$(inherited)",
					"@loader_path/Frameworks",
					"@executable_path/../Frameworks",
				);
				LIBRARY_SEARCH_PATHS = (
					"$(PROJECT_DIR)/3rdPart/opencv/lib",
					"$(PROJECT_DIR)/3rdPart/opencv/lib/opencv4/3rdparty",
					"$(PROJECT_DIR)/3rdPart/libraw/lib",
					"$(PROJECT_DIR)/3rdPart/yaml/lib",
				);
				OTHER_LDFLAGS = (
					"-lopencv_core",
					"-lopencv_imgcodecs",
					"-lopencv_imgproc",
					"-lraw",
					"-lyaml-cpp",
					"-lc++",
					"-framework",
					Accelerate,
					"-framework",
					OpenCL,
					"-framework",
					Metal,
					"-framework",
					CoreImage,
					"-framework",
					CoreGraphics,
					"-lz",
					"-L$(PROJECT_DIR)/3rdPart/opencv/lib/opencv4/3rdparty",
					"-llibpng",
					"-llibjpeg-turbo",
					"-llibtiff",
					"-llibwebp",
					"-llibopenjp2",
					"-lIlmImf",
					"-lzlib",
					"-littnotify",
					"-ltegra_hal",
					"-lkleidicv_hal",
					"-lkleidicv_thread",
					"-lkleidicv",
				);
				PRODUCT_BUNDLE_IDENTIFIER = Wilbur.rawViewerTests;
				PRODUCT_NAME = "$(TARGET_NAME)";
				SDKROOT = macosx;
				SWIFT_OBJC_BRIDGING_HEADER = rawViewerTests/rawViewerTestsBridgingHeader.h;
				SWIFT_VERSION = 5.0;
				WRAPPER_EXTENSION = xctest;
			};
			name = Debug;
		};
		B5DADD81867B47FAA4249629 /* Release */ = {
			isa = XCBuildConfiguration;
			buildSettings = {
				ARCHS = arm64;
				CLANG_CXX_LANGUAGE_STANDARD = "gnu++17";
				CODE_SIGN_STYLE = Automatic;
				GENERATE_INFOPLIST_FILE = YES;
				HEADER_SEARCH_PATHS = (
					"$(PROJECT_DIR)/cpp/include",
					"$(PROJECT_DIR)/3rdPart/json",
					"$(PROJECT_DIR)/3rdPart/yaml/include",
					"$(PROJECT_DIR)/3rdPart/opencv/include/opencv4",
					"$(PROJECT_DIR)/3rdPart/libraw/include",
				);
				LD_RUNPATH_SEARCH_PATHS = (
					"$(inherited)",
					"@loader_path/Frameworks",
					"@executable_path/../Frameworks",
				);
				LIBRARY_SEARCH_PATHS = (
					"$(PROJECT_DIR)/3rdPart/opencv/lib",
					"$(PROJECT_DIR)/3rdPart/opencv/lib/opencv4/3rdparty",
					"$(PROJECT_DIR)/3rdPart/libraw/lib",
					"$(PROJECT_DIR)/3rdPart/yaml/lib",
				);
				OTHER_LDFLAGS = (
					"-lopencv_core",
					"-lopencv_imgcodecs",
					"-lopencv_imgproc",
					"-lraw",
					"-lyaml-cpp",
					"-lc++",
					"-framework",
					Accelerate,
					"-framework",
					OpenCL,
					"-framework",
					Metal,
					"-framework",
					CoreImage,
					"-framework",
					CoreGraphics,
					"-lz",
					"-L$(PROJECT_DIR)/3rdPart/opencv/lib/opencv4/3rdparty",
					"-llibpng",
					"-llibjpeg-turbo",
					"-llibtiff",
					"-llibwebp",
					"-llibopenjp2",
					"-lIlmImf",
					"-lzlib",
					"-littnotify",
					"-ltegra_hal",
					"-lkleidicv_hal",
					"-lkleidicv_thread",
					"-lkleidicv",
				);
				PRODUCT_BUNDLE_IDENTIFIER = Wilbur.rawViewerTests;
				PRODUCT_NAME = "$(TARGET_NAME)";
				SDKROOT = macosx;
				SWIFT_OBJC_BRIDGING_HEADER = rawViewerTests/rawViewerTestsBridgingHeader.h;
				SWIFT_VERSION = 5.0;
				WRAPPER_EXTENSION = xctest;
			};
			name = Release;
		};
		D8DB71392FC92FEB00F93F82 /* Debug */ = {
			isa = XCBuildConfiguration;
			buildSettings = {
				ALWAYS_SEARCH_USER_PATHS = NO;
				ASSETCATALOG_COMPILER_GENERATE_SWIFT_ASSET_SYMBOL_EXTENSIONS = YES;
				CLANG_ANALYZER_NONNULL = YES;
				CLANG_ANALYZER_NUMBER_OBJECT_CONVERSION = YES_AGGRESSIVE;
				CLANG_CXX_LANGUAGE_STANDARD = "gnu++20";
				CLANG_ENABLE_MODULES = YES;
				CLANG_ENABLE_OBJC_ARC = YES;
				CLANG_ENABLE_OBJC_WEAK = YES;
				CLANG_WARN_BLOCK_CAPTURE_AUTORELEASING = YES;
				CLANG_WARN_BOOL_CONVERSION = YES;
				CLANG_WARN_COMMA = YES;
				CLANG_WARN_CONSTANT_CONVERSION = YES;
				CLANG_WARN_DEPRECATED_OBJC_IMPLEMENTATIONS = YES;
				CLANG_WARN_DIRECT_OBJC_ISA_USAGE = YES_ERROR;
				CLANG_WARN_DOCUMENTATION_COMMENTS = YES;
				CLANG_WARN_EMPTY_BODY = YES;
				CLANG_WARN_ENUM_CONVERSION = YES;
				CLANG_WARN_INFINITE_RECURSION = YES;
				CLANG_WARN_INT_CONVERSION = YES;
				CLANG_WARN_NON_LITERAL_NULL_CONVERSION = YES;
				CLANG_WARN_OBJC_IMPLICIT_RETAIN_SELF = YES;
				CLANG_WARN_OBJC_LITERAL_CONVERSION = YES;
				CLANG_WARN_OBJC_ROOT_CLASS = YES_ERROR;
				CLANG_WARN_QUOTED_INCLUDE_IN_FRAMEWORK_HEADER = YES;
				CLANG_WARN_RANGE_LOOP_ANALYSIS = YES;
				CLANG_WARN_STRICT_PROTOTYPES = YES;
				CLANG_WARN_SUSPICIOUS_MOVE = YES;
				CLANG_WARN_UNGUARDED_AVAILABILITY = YES_AGGRESSIVE;
				CLANG_WARN_UNREACHABLE_CODE = YES;
				CLANG_WARN__DUPLICATE_METHOD_MATCH = YES;
				COPY_PHASE_STRIP = NO;
				DEBUG_INFORMATION_FORMAT = dwarf;
				ENABLE_STRICT_OBJC_MSGSEND = YES;
				ENABLE_TESTABILITY = YES;
				ENABLE_USER_SCRIPT_SANDBOXING = YES;
				GCC_C_LANGUAGE_STANDARD = gnu17;
				GCC_DYNAMIC_NO_PIC = NO;
				GCC_NO_COMMON_BLOCKS = YES;
				GCC_OPTIMIZATION_LEVEL = 0;
				GCC_PREPROCESSOR_DEFINITIONS = (
					"DEBUG=1",
					"$(inherited)",
				);
				GCC_WARN_64_TO_32_BIT_CONVERSION = YES;
				GCC_WARN_ABOUT_RETURN_TYPE = YES_ERROR;
				GCC_WARN_UNDECLARED_SELECTOR = YES;
				GCC_WARN_UNINITIALIZED_AUTOS = YES_AGGRESSIVE;
				GCC_WARN_UNUSED_FUNCTION = YES;
				GCC_WARN_UNUSED_VARIABLE = YES;
				LOCALIZATION_PREFERS_STRING_CATALOGS = YES;
				MACOSX_DEPLOYMENT_TARGET = 26.2;
				MTL_ENABLE_DEBUG_INFO = INCLUDE_SOURCE;
				MTL_FAST_MATH = YES;
				ONLY_ACTIVE_ARCH = YES;
				SDKROOT = macosx;
				SWIFT_ACTIVE_COMPILATION_CONDITIONS = "DEBUG $(inherited)";
				SWIFT_OPTIMIZATION_LEVEL = "-Onone";
			};
			name = Debug;
		};
		D8DB713A2FC92FEB00F93F82 /* Release */ = {
			isa = XCBuildConfiguration;
			buildSettings = {
				ALWAYS_SEARCH_USER_PATHS = NO;
				ASSETCATALOG_COMPILER_GENERATE_SWIFT_ASSET_SYMBOL_EXTENSIONS = YES;
				CLANG_ANALYZER_NONNULL = YES;
				CLANG_ANALYZER_NUMBER_OBJECT_CONVERSION = YES_AGGRESSIVE;
				CLANG_CXX_LANGUAGE_STANDARD = "gnu++20";
				CLANG_ENABLE_MODULES = YES;
				CLANG_ENABLE_OBJC_ARC = YES;
				CLANG_ENABLE_OBJC_WEAK = YES;
				CLANG_WARN_BLOCK_CAPTURE_AUTORELEASING = YES;
				CLANG_WARN_BOOL_CONVERSION = YES;
				CLANG_WARN_COMMA = YES;
				CLANG_WARN_CONSTANT_CONVERSION = YES;
				CLANG_WARN_DEPRECATED_OBJC_IMPLEMENTATIONS = YES;
				CLANG_WARN_DIRECT_OBJC_ISA_USAGE = YES_ERROR;
				CLANG_WARN_DOCUMENTATION_COMMENTS = YES;
				CLANG_WARN_EMPTY_BODY = YES;
				CLANG_WARN_ENUM_CONVERSION = YES;
				CLANG_WARN_INFINITE_RECURSION = YES;
				CLANG_WARN_INT_CONVERSION = YES;
				CLANG_WARN_NON_LITERAL_NULL_CONVERSION = YES;
				CLANG_WARN_OBJC_IMPLICIT_RETAIN_SELF = YES;
				CLANG_WARN_OBJC_LITERAL_CONVERSION = YES;
				CLANG_WARN_OBJC_ROOT_CLASS = YES_ERROR;
				CLANG_WARN_QUOTED_INCLUDE_IN_FRAMEWORK_HEADER = YES;
				CLANG_WARN_RANGE_LOOP_ANALYSIS = YES;
				CLANG_WARN_STRICT_PROTOTYPES = YES;
				CLANG_WARN_SUSPICIOUS_MOVE = YES;
				CLANG_WARN_UNGUARDED_AVAILABILITY = YES_AGGRESSIVE;
				CLANG_WARN_UNREACHABLE_CODE = YES;
				CLANG_WARN__DUPLICATE_METHOD_MATCH = YES;
				COPY_PHASE_STRIP = NO;
				DEBUG_INFORMATION_FORMAT = "dwarf-with-dsym";
				ENABLE_NS_ASSERTIONS = NO;
				ENABLE_STRICT_OBJC_MSGSEND = YES;
				ENABLE_USER_SCRIPT_SANDBOXING = YES;
				GCC_C_LANGUAGE_STANDARD = gnu17;
				GCC_NO_COMMON_BLOCKS = YES;
				GCC_WARN_64_TO_32_BIT_CONVERSION = YES;
				GCC_WARN_ABOUT_RETURN_TYPE = YES_ERROR;
				GCC_WARN_UNDECLARED_SELECTOR = YES;
				GCC_WARN_UNINITIALIZED_AUTOS = YES_AGGRESSIVE;
				GCC_WARN_UNUSED_FUNCTION = YES;
				GCC_WARN_UNUSED_VARIABLE = YES;
				LOCALIZATION_PREFERS_STRING_CATALOGS = YES;
				MACOSX_DEPLOYMENT_TARGET = 26.2;
				MTL_ENABLE_DEBUG_INFO = NO;
				MTL_FAST_MATH = YES;
				SDKROOT = macosx;
				SWIFT_COMPILATION_MODE = wholemodule;
			};
			name = Release;
		};
		D8DB713C2FC92FEB00F93F82 /* Debug */ = {
			isa = XCBuildConfiguration;
			buildSettings = {
				ARCHS = arm64;
				ASSETCATALOG_COMPILER_APPICON_NAME = AppIcon;
				ASSETCATALOG_COMPILER_GLOBAL_ACCENT_COLOR_NAME = AccentColor;
				CODE_SIGN_STYLE = Automatic;
				COMBINE_HIDPI_IMAGES = YES;
				CURRENT_PROJECT_VERSION = 1;
				ENABLE_APP_SANDBOX = YES;
				ENABLE_PREVIEWS = YES;
				ENABLE_USER_SELECTED_FILES = readwrite;
				GENERATE_INFOPLIST_FILE = YES;
				HEADER_SEARCH_PATHS = (
					"$(PROJECT_DIR)/cpp/include",
					"$(PROJECT_DIR)/3rdPart/json",
					"$(PROJECT_DIR)/3rdPart/yaml/include",
					"$(PROJECT_DIR)/3rdPart/opencv/include/opencv4",
					"$(PROJECT_DIR)/3rdPart/libraw/include",
				);
				INFOPLIST_KEY_NSHumanReadableCopyright = "";
				LD_RUNPATH_SEARCH_PATHS = (
					"$(inherited)",
					"@executable_path/../Frameworks",
				);
				LIBRARY_SEARCH_PATHS = (
					"$(PROJECT_DIR)/3rdPart/opencv/lib",
					"$(PROJECT_DIR)/3rdPart/opencv/lib/opencv4/3rdparty",
					"$(PROJECT_DIR)/3rdPart/libraw/lib",
					"$(PROJECT_DIR)/3rdPart/yaml/lib",
				);
				MARKETING_VERSION = 1.0;
				OTHER_LDFLAGS = (
					"-lopencv_core",
					"-lopencv_imgcodecs",
					"-lopencv_imgproc",
					"-lraw",
					"-lyaml-cpp",
					"-lc++",
					"-framework",
					Accelerate,
					"-framework",
					OpenCL,
					"-framework",
					Metal,
					"-framework",
					CoreImage,
					"-framework",
					CoreGraphics,
					"-framework",
					ImageIO,
					"-framework",
					MetalKit,
					"-lz",
					"-L$(PROJECT_DIR)/3rdPart/opencv/lib/opencv4/3rdparty",
					"-llibpng",
					"-llibjpeg-turbo",
					"-llibtiff",
					"-llibwebp",
					"-llibopenjp2",
					"-lIlmImf",
					"-lzlib",
					"-littnotify",
					"-ltegra_hal",
					"-lkleidicv_hal",
					"-lkleidicv_thread",
					"-lkleidicv",
				);
				PRODUCT_BUNDLE_IDENTIFIER = Wilbur.rawViewer;
				PRODUCT_NAME = "$(TARGET_NAME)";
				REGISTER_APP_GROUPS = YES;
				STRING_CATALOG_GENERATE_SYMBOLS = YES;
				SWIFT_APPROACHABLE_CONCURRENCY = YES;
				SWIFT_DEFAULT_ACTOR_ISOLATION = MainActor;
				SWIFT_EMIT_LOC_STRINGS = YES;
				SWIFT_OBJC_BRIDGING_HEADER = rawViewer/rawViewerBridgingHeader.h;
				SWIFT_UPCOMING_FEATURE_MEMBER_IMPORT_VISIBILITY = YES;
				SWIFT_VERSION = 5.0;
			};
			name = Debug;
		};
		D8DB713D2FC92FEB00F93F82 /* Release */ = {
			isa = XCBuildConfiguration;
			buildSettings = {
				ARCHS = arm64;
				ASSETCATALOG_COMPILER_APPICON_NAME = AppIcon;
				ASSETCATALOG_COMPILER_GLOBAL_ACCENT_COLOR_NAME = AccentColor;
				CODE_SIGN_STYLE = Automatic;
				COMBINE_HIDPI_IMAGES = YES;
				CURRENT_PROJECT_VERSION = 1;
				ENABLE_APP_SANDBOX = YES;
				ENABLE_PREVIEWS = YES;
				ENABLE_USER_SELECTED_FILES = readwrite;
				GENERATE_INFOPLIST_FILE = YES;
				HEADER_SEARCH_PATHS = (
					"$(PROJECT_DIR)/cpp/include",
					"$(PROJECT_DIR)/3rdPart/json",
					"$(PROJECT_DIR)/3rdPart/yaml/include",
					"$(PROJECT_DIR)/3rdPart/opencv/include/opencv4",
					"$(PROJECT_DIR)/3rdPart/libraw/include",
				);
				INFOPLIST_KEY_NSHumanReadableCopyright = "";
				LD_RUNPATH_SEARCH_PATHS = (
					"$(inherited)",
					"@executable_path/../Frameworks",
				);
				LIBRARY_SEARCH_PATHS = (
					"$(PROJECT_DIR)/3rdPart/opencv/lib",
					"$(PROJECT_DIR)/3rdPart/opencv/lib/opencv4/3rdparty",
					"$(PROJECT_DIR)/3rdPart/libraw/lib",
					"$(PROJECT_DIR)/3rdPart/yaml/lib",
				);
				MARKETING_VERSION = 1.0;
				OTHER_LDFLAGS = (
					"-lopencv_core",
					"-lopencv_imgcodecs",
					"-lopencv_imgproc",
					"-lraw",
					"-lyaml-cpp",
					"-lc++",
					"-framework",
					Accelerate,
					"-framework",
					OpenCL,
					"-framework",
					Metal,
					"-framework",
					CoreImage,
					"-framework",
					CoreGraphics,
					"-framework",
					ImageIO,
					"-framework",
					MetalKit,
					"-lz",
					"-L$(PROJECT_DIR)/3rdPart/opencv/lib/opencv4/3rdparty",
					"-llibpng",
					"-llibjpeg-turbo",
					"-llibtiff",
					"-llibwebp",
					"-llibopenjp2",
					"-lIlmImf",
					"-lzlib",
					"-littnotify",
					"-ltegra_hal",
					"-lkleidicv_hal",
					"-lkleidicv_thread",
					"-lkleidicv",
				);
				PRODUCT_BUNDLE_IDENTIFIER = Wilbur.rawViewer;
				PRODUCT_NAME = "$(TARGET_NAME)";
				REGISTER_APP_GROUPS = YES;
				STRING_CATALOG_GENERATE_SYMBOLS = YES;
				SWIFT_APPROACHABLE_CONCURRENCY = YES;
				SWIFT_DEFAULT_ACTOR_ISOLATION = MainActor;
				SWIFT_EMIT_LOC_STRINGS = YES;
				SWIFT_OBJC_BRIDGING_HEADER = rawViewer/rawViewerBridgingHeader.h;
				SWIFT_UPCOMING_FEATURE_MEMBER_IMPORT_VISIBILITY = YES;
				SWIFT_VERSION = 5.0;
			};
			name = Release;
		};
/* End XCBuildConfiguration section */

/* Begin XCConfigurationList section */
		D8DB712B2FC92FEA00F93F82 /* Build configuration list for PBXProject "rawViewer" */ = {
			isa = XCConfigurationList;
			buildConfigurations = (
				D8DB71392FC92FEB00F93F82 /* Debug */,
				D8DB713A2FC92FEB00F93F82 /* Release */,
			);
			defaultConfigurationIsVisible = 0;
			defaultConfigurationName = Release;
		};
		D8DB713B2FC92FEB00F93F82 /* Build configuration list for PBXNativeTarget "rawViewer" */ = {
			isa = XCConfigurationList;
			buildConfigurations = (
				D8DB713C2FC92FEB00F93F82 /* Debug */,
				D8DB713D2FC92FEB00F93F82 /* Release */,
			);
			defaultConfigurationIsVisible = 0;
			defaultConfigurationName = Release;
		};
		F27453D2C9F041F4854BEBCB /* Build configuration list for PBXNativeTarget "rawViewerTests" */ = {
			isa = XCConfigurationList;
			buildConfigurations = (
				91FD9F604DEC4E94BC16A4FA /* Debug */,
				B5DADD81867B47FAA4249629 /* Release */,
			);
			defaultConfigurationIsVisible = 0;
			defaultConfigurationName = Release;
		};
		F41A89906BE14F78B2C96B05 /* Build configuration list for PBXNativeTarget "PhotoAnalyzerCLI" */ = {
			isa = XCConfigurationList;
			buildConfigurations = (
				41760C872A7B41F4A8BCB150 /* Debug */,
				07204A31C14B405AB4457E4C /* Release */,
			);
			defaultConfigurationIsVisible = 0;
			defaultConfigurationName = Release;
		};
/* End XCConfigurationList section */
	};
	rootObject = D8DB71282FC92FEA00F93F82 /* Project object */;
}
