// !$*UTF8*$!
{
	archiveVersion = 1;
	classes = {
	};
	objectVersion = 77;
	objects = {

/* Begin PBXBuildFile section */
		D1D806B9CF4F4CB6B168A3F4 /* testMain.cpp in Sources */ = {isa = PBXBuildFile; fileRef = 5FCCB0F1ADD24C3BAC8CAA6F; };
		F55DBFD6A3DA4D5C8A33339C /* taskStateTests.cpp in Sources */ = {isa = PBXBuildFile; fileRef = DB2AABAE1E8542ABBD85296F; };
		390A141DFBAA4595A7D0334E /* configLoaderTests.cpp in Sources */ = {isa = PBXBuildFile; fileRef = 7A2EE229C2724978BBCCD901; };
		FBA4A8B5A13943C3B840826D /* fileScannerTests.cpp in Sources */ = {isa = PBXBuildFile; fileRef = 30A94E44716E4B4D96F6B1CC; };
		FD50BBB7938A47518E48D8B8 /* jsonManagerTests.cpp in Sources */ = {isa = PBXBuildFile; fileRef = DFB9EB5447EA46EE96855EFD; };
		6A0A493197BA4D398E2AB448 /* resumePlannerTests.cpp in Sources */ = {isa = PBXBuildFile; fileRef = 1823213BCEC24998944FF309; };
		E1854C62404640D58D2C833B /* threadPoolTests.cpp in Sources */ = {isa = PBXBuildFile; fileRef = 14F050772D7745A389D77055; };
		4A7FF3DB4A2143A2B61B7174 /* imageAnalyzerTests.cpp in Sources */ = {isa = PBXBuildFile; fileRef = D7D6233187374E61927FE454; };
		D229B02982D542969D65E6AE /* rawConverterTests.cpp in Sources */ = {isa = PBXBuildFile; fileRef = B48CAE8A9C9B442385F946DE; };
		EFE869B79AB34248883A546A /* appRunnerTests.cpp in Sources */ = {isa = PBXBuildFile; fileRef = 26EADFB53E0F408ABEDB2DBB; };
		88DCC893FC624A2087B49DC5 /* taskState.cpp in Sources */ = {isa = PBXBuildFile; fileRef = 703942AC0593451B98A8D65F; };
		C32E0AF602CE46B886ADCCF3 /* configLoader.cpp in Sources */ = {isa = PBXBuildFile; fileRef = 1AA69733F7184F559F4E3773; };
		907741988F7F4F8EBE786674 /* fileScanner.cpp in Sources */ = {isa = PBXBuildFile; fileRef = AC8DCC74E21A4967979839AE; };
		3799FC9948054DFB96C51AA0 /* jsonManager.cpp in Sources */ = {isa = PBXBuildFile; fileRef = 11CA3B5B5DB44130B87D0746; };
		BCD572C60E754BBBA511220E /* resumePlanner.cpp in Sources */ = {isa = PBXBuildFile; fileRef = C0C0672C5D2F4C5B8AE7DB42; };
		A76797A1E91643A2AC8B1E2A /* threadPool.cpp in Sources */ = {isa = PBXBuildFile; fileRef = C436A86835A3415D8ABE383A; };
		32C633F01AAC42F4BDF74068 /* rawConverter.cpp in Sources */ = {isa = PBXBuildFile; fileRef = F2E8E12934E540C0B4420F5B; };
		934AD4F746284922AD9628BB /* imageAnalyzer.cpp in Sources */ = {isa = PBXBuildFile; fileRef = 3D84AE4C73D74AEBAD670871; };
		5145714F6BAE4099AB0AD1AC /* appRunner.cpp in Sources */ = {isa = PBXBuildFile; fileRef = CF3BE81B0BCF41EAB06427F4; };

		6AD029932C234022929744B2 /* main.cpp in Sources */ = {isa = PBXBuildFile; fileRef = CBFD07FF7E2F464E8E4F405A; };
		E445CCDC0FF14B34A028B934 /* taskState.cpp in Sources */ = {isa = PBXBuildFile; fileRef = 1F2554B820E6450384435CF1; };
		7968CFF164734D93A3EDC4B6 /* configLoader.cpp in Sources */ = {isa = PBXBuildFile; fileRef = 6FABC1AF34A2400EABB56DD3; };
		3C2CDB74DF39451398CCB802 /* fileScanner.cpp in Sources */ = {isa = PBXBuildFile; fileRef = 5E320B565AB2414B97D311B4; };
		9941EDA579DC4662B1BA1DB9 /* jsonManager.cpp in Sources */ = {isa = PBXBuildFile; fileRef = 49AE7CD90F63498B8D7A83D3; };
		CED0B665F71341B6B4D1001B /* resumePlanner.cpp in Sources */ = {isa = PBXBuildFile; fileRef = 49DA5498DB9A4FED905CBACE; };
		B84C9CC29F1E4535B4B6A666 /* threadPool.cpp in Sources */ = {isa = PBXBuildFile; fileRef = 658EF623F49F4E8BA73BF670; };
		BE83762DF1204F5FA17F1918 /* rawConverter.cpp in Sources */ = {isa = PBXBuildFile; fileRef = 15EDE1DAC1404C96B23F5602; };
		847F76F611DE46119F6B51D4 /* imageAnalyzer.cpp in Sources */ = {isa = PBXBuildFile; fileRef = FAD190DAD67B4AA1B4E5E90A; };
		51F2D3135A414442BF8DBB5A /* appRunner.cpp in Sources */ = {isa = PBXBuildFile; fileRef = AE65D91F993140EC9176F938; };
/* End PBXBuildFile section */

/* Begin PBXFileReference section */
		D8DB71302FC92FEA00F93F82 /* rawViewer.app */ = {isa = PBXFileReference; explicitFileType = wrapper.application; includeInIndex = 0; path = rawViewer.app; sourceTree = BUILT_PRODUCTS_DIR; };
		CBFD07FF7E2F464E8E4F405A /* main.cpp */ = {isa = PBXFileReference; lastKnownFileType = sourcecode.cpp.cpp; path = main.cpp; sourceTree = "<group>"; };
		1F2554B820E6450384435CF1 /* taskState.cpp */ = {isa = PBXFileReference; lastKnownFileType = sourcecode.cpp.cpp; path = src/taskState.cpp; sourceTree = "<group>"; };
		6FABC1AF34A2400EABB56DD3 /* configLoader.cpp */ = {isa = PBXFileReference; lastKnownFileType = sourcecode.cpp.cpp; path = src/configLoader.cpp; sourceTree = "<group>"; };
		5E320B565AB2414B97D311B4 /* fileScanner.cpp */ = {isa = PBXFileReference; lastKnownFileType = sourcecode.cpp.cpp; path = src/fileScanner.cpp; sourceTree = "<group>"; };
		49AE7CD90F63498B8D7A83D3 /* jsonManager.cpp */ = {isa = PBXFileReference; lastKnownFileType = sourcecode.cpp.cpp; path = src/jsonManager.cpp; sourceTree = "<group>"; };
		49DA5498DB9A4FED905CBACE /* resumePlanner.cpp */ = {isa = PBXFileReference; lastKnownFileType = sourcecode.cpp.cpp; path = src/resumePlanner.cpp; sourceTree = "<group>"; };
		658EF623F49F4E8BA73BF670 /* threadPool.cpp */ = {isa = PBXFileReference; lastKnownFileType = sourcecode.cpp.cpp; path = src/threadPool.cpp; sourceTree = "<group>"; };
		15EDE1DAC1404C96B23F5602 /* rawConverter.cpp */ = {isa = PBXFileReference; lastKnownFileType = sourcecode.cpp.cpp; path = src/rawConverter.cpp; sourceTree = "<group>"; };
		FAD190DAD67B4AA1B4E5E90A /* imageAnalyzer.cpp */ = {isa = PBXFileReference; lastKnownFileType = sourcecode.cpp.cpp; path = src/imageAnalyzer.cpp; sourceTree = "<group>"; };
		AE65D91F993140EC9176F938 /* appRunner.cpp */ = {isa = PBXFileReference; lastKnownFileType = sourcecode.cpp.cpp; path = src/appRunner.cpp; sourceTree = "<group>"; };
		1A09E7E71F19468D8B698756 /* PhotoAnalyzerCLI */ = {isa = PBXFileReference; explicitFileType = "compiled.mach-o.executable"; includeInIndex = 0; path = PhotoAnalyzerCLI; sourceTree = BUILT_PRODUCTS_DIR; };
		5FCCB0F1ADD24C3BAC8CAA6F /* testMain.cpp */ = {isa = PBXFileReference; lastKnownFileType = sourcecode.cpp.cpp; path = cpp/tests/testMain.cpp; sourceTree = "<group>"; };
		DB2AABAE1E8542ABBD85296F /* taskStateTests.cpp */ = {isa = PBXFileReference; lastKnownFileType = sourcecode.cpp.cpp; path = cpp/tests/taskStateTests.cpp; sourceTree = "<group>"; };
		7A2EE229C2724978BBCCD901 /* configLoaderTests.cpp */ = {isa = PBXFileReference; lastKnownFileType = sourcecode.cpp.cpp; path = cpp/tests/configLoaderTests.cpp; sourceTree = "<group>"; };
		30A94E44716E4B4D96F6B1CC /* fileScannerTests.cpp */ = {isa = PBXFileReference; lastKnownFileType = sourcecode.cpp.cpp; path = cpp/tests/fileScannerTests.cpp; sourceTree = "<group>"; };
		DFB9EB5447EA46EE96855EFD /* jsonManagerTests.cpp */ = {isa = PBXFileReference; lastKnownFileType = sourcecode.cpp.cpp; path = cpp/tests/jsonManagerTests.cpp; sourceTree = "<group>"; };
		1823213BCEC24998944FF309 /* resumePlannerTests.cpp */ = {isa = PBXFileReference; lastKnownFileType = sourcecode.cpp.cpp; path = cpp/tests/resumePlannerTests.cpp; sourceTree = "<group>"; };
		14F050772D7745A389D77055 /* threadPoolTests.cpp */ = {isa = PBXFileReference; lastKnownFileType = sourcecode.cpp.cpp; path = cpp/tests/threadPoolTests.cpp; sourceTree = "<group>"; };
		D7D6233187374E61927FE454 /* imageAnalyzerTests.cpp */ = {isa = PBXFileReference; lastKnownFileType = sourcecode.cpp.cpp; path = cpp/tests/imageAnalyzerTests.cpp; sourceTree = "<group>"; };
		B48CAE8A9C9B442385F946DE /* rawConverterTests.cpp */ = {isa = PBXFileReference; lastKnownFileType = sourcecode.cpp.cpp; path = cpp/tests/rawConverterTests.cpp; sourceTree = "<group>"; };
		26EADFB53E0F408ABEDB2DBB /* appRunnerTests.cpp */ = {isa = PBXFileReference; lastKnownFileType = sourcecode.cpp.cpp; path = cpp/tests/appRunnerTests.cpp; sourceTree = "<group>"; };
		703942AC0593451B98A8D65F /* taskState.cpp */ = {isa = PBXFileReference; lastKnownFileType = sourcecode.cpp.cpp; path = cpp/src/taskState.cpp; sourceTree = "<group>"; };
		1AA69733F7184F559F4E3773 /* configLoader.cpp */ = {isa = PBXFileReference; lastKnownFileType = sourcecode.cpp.cpp; path = cpp/src/configLoader.cpp; sourceTree = "<group>"; };
		AC8DCC74E21A4967979839AE /* fileScanner.cpp */ = {isa = PBXFileReference; lastKnownFileType = sourcecode.cpp.cpp; path = cpp/src/fileScanner.cpp; sourceTree = "<group>"; };
		11CA3B5B5DB44130B87D0746 /* jsonManager.cpp */ = {isa = PBXFileReference; lastKnownFileType = sourcecode.cpp.cpp; path = cpp/src/jsonManager.cpp; sourceTree = "<group>"; };
		C0C0672C5D2F4C5B8AE7DB42 /* resumePlanner.cpp */ = {isa = PBXFileReference; lastKnownFileType = sourcecode.cpp.cpp; path = cpp/src/resumePlanner.cpp; sourceTree = "<group>"; };
		C436A86835A3415D8ABE383A /* threadPool.cpp */ = {isa = PBXFileReference; lastKnownFileType = sourcecode.cpp.cpp; path = cpp/src/threadPool.cpp; sourceTree = "<group>"; };
		F2E8E12934E540C0B4420F5B /* rawConverter.cpp */ = {isa = PBXFileReference; lastKnownFileType = sourcecode.cpp.cpp; path = cpp/src/rawConverter.cpp; sourceTree = "<group>"; };
		3D84AE4C73D74AEBAD670871 /* imageAnalyzer.cpp */ = {isa = PBXFileReference; lastKnownFileType = sourcecode.cpp.cpp; path = cpp/src/imageAnalyzer.cpp; sourceTree = "<group>"; };
		CF3BE81B0BCF41EAB06427F4 /* appRunner.cpp */ = {isa = PBXFileReference; lastKnownFileType = sourcecode.cpp.cpp; path = cpp/src/appRunner.cpp; sourceTree = "<group>"; };
		BB32040B54904569BDB64035 /* rawViewerTests */ = {isa = PBXFileReference; explicitFileType = "compiled.mach-o.executable"; includeInIndex = 0; path = rawViewerTests; sourceTree = BUILT_PRODUCTS_DIR; };
/* End PBXFileReference section */

/* Begin PBXFileSystemSynchronizedRootGroup section */
		D8DB71322FC92FEA00F93F82 /* rawViewer */ = {
			isa = PBXFileSystemSynchronizedRootGroup;
			path = rawViewer;
			sourceTree = "<group>";
		};
/* End PBXFileSystemSynchronizedRootGroup section */

/* Begin PBXFrameworksBuildPhase section */
		D8DB712D2FC92FEA00F93F82 /* Frameworks */ = {
			isa = PBXFrameworksBuildPhase;
			buildActionMask = 2147483647;
			files = (
			);
			runOnlyForDeploymentPostprocessing = 0;
		};
		C1D9EB9CA8FA4D76A4792636 /* Frameworks */ = {
			isa = PBXFrameworksBuildPhase;
			buildActionMask = 2147483647;
			files = (
			);
			runOnlyForDeploymentPostprocessing = 0;
		};
		5D22961DA10749A287C56954 /* Frameworks */ = {
			isa = PBXFrameworksBuildPhase;
			buildActionMask = 2147483647;
			files = (
			);
			runOnlyForDeploymentPostprocessing = 0;
		};
/* End PBXFrameworksBuildPhase section */

/* Begin PBXGroup section */
		D8DB71272FC92FEA00F93F82 = {
			isa = PBXGroup;
			children = (
				D8DB71322FC92FEA00F93F82 /* rawViewer */,
				4AE33933EEF34E19AF7037C3 /* cpp */,
				D8DB71312FC92FEA00F93F82 /* Products */,
			);
			sourceTree = "<group>";
		};
		D8DB71312FC92FEA00F93F82 /* Products */ = {
			isa = PBXGroup;
			children = (
				D8DB71302FC92FEA00F93F82 /* rawViewer.app */,
				1A09E7E71F19468D8B698756 /* PhotoAnalyzerCLI */,
			);
			name = Products;
			sourceTree = "<group>";
		};
		4AE33933EEF34E19AF7037C3 /* cpp */ = {
			isa = PBXGroup;
			children = (
				CBFD07FF7E2F464E8E4F405A /* main.cpp */,
				1F2554B820E6450384435CF1 /* taskState.cpp */,
				6FABC1AF34A2400EABB56DD3 /* configLoader.cpp */,
				5E320B565AB2414B97D311B4 /* fileScanner.cpp */,
				49AE7CD90F63498B8D7A83D3 /* jsonManager.cpp */,
				49DA5498DB9A4FED905CBACE /* resumePlanner.cpp */,
				658EF623F49F4E8BA73BF670 /* threadPool.cpp */,
				15EDE1DAC1404C96B23F5602 /* rawConverter.cpp */,
				FAD190DAD67B4AA1B4E5E90A /* imageAnalyzer.cpp */,
				AE65D91F993140EC9176F938 /* appRunner.cpp */,
			);
			path = cpp;
			sourceTree = "<group>";
		};
		C552CDD826034EDE8D5977BA /* tests */ = {
			isa = PBXGroup;
			children = (
				5FCCB0F1ADD24C3BAC8CAA6F /* testMain.cpp */,
				DB2AABAE1E8542ABBD85296F /* taskStateTests.cpp */,
				7A2EE229C2724978BBCCD901 /* configLoaderTests.cpp */,
				30A94E44716E4B4D96F6B1CC /* fileScannerTests.cpp */,
				DFB9EB5447EA46EE96855EFD /* jsonManagerTests.cpp */,
				1823213BCEC24998944FF309 /* resumePlannerTests.cpp */,
				14F050772D7745A389D77055 /* threadPoolTests.cpp */,
				D7D6233187374E61927FE454 /* imageAnalyzerTests.cpp */,
				B48CAE8A9C9B442385F946DE /* rawConverterTests.cpp */,
				26EADFB53E0F408ABEDB2DBB /* appRunnerTests.cpp */,
				703942AC0593451B98A8D65F /* taskState.cpp */,
				1AA69733F7184F559F4E3773 /* configLoader.cpp */,
				AC8DCC74E21A4967979839AE /* fileScanner.cpp */,
				11CA3B5B5DB44130B87D0746 /* jsonManager.cpp */,
				C0C0672C5D2F4C5B8AE7DB42 /* resumePlanner.cpp */,
				C436A86835A3415D8ABE383A /* threadPool.cpp */,
				F2E8E12934E540C0B4420F5B /* rawConverter.cpp */,
				3D84AE4C73D74AEBAD670871 /* imageAnalyzer.cpp */,
				CF3BE81B0BCF41EAB06427F4 /* appRunner.cpp */,
			);
			name = tests;
			sourceTree = "<group>";
		};
/* End PBXGroup section */

/* Begin PBXNativeTarget section */
		D8DB712F2FC92FEA00F93F82 /* rawViewer */ = {
			isa = PBXNativeTarget;
			buildConfigurationList = D8DB713B2FC92FEB00F93F82 /* Build configuration list for PBXNativeTarget "rawViewer" */;
			buildPhases = (
				D8DB712C2FC92FEA00F93F82 /* Sources */,
				D8DB712D2FC92FEA00F93F82 /* Frameworks */,
				D8DB712E2FC92FEA00F93F82 /* Resources */,
			);
			buildRules = (
			);
			dependencies = (
			);
			fileSystemSynchronizedGroups = (
				D8DB71322FC92FEA00F93F82 /* rawViewer */,
				4AE33933EEF34E19AF7037C3 /* cpp */,
			);
			name = rawViewer;
			packageProductDependencies = (
			);
			productName = rawViewer;
			productReference = D8DB71302FC92FEA00F93F82 /* rawViewer.app */;
			productType = "com.apple.product-type.application";
		};
		28E1281724674CF8AE843240 /* PhotoAnalyzerCLI */ = {
			isa = PBXNativeTarget;
			buildConfigurationList = F41A89906BE14F78B2C96B05 /* Build configuration list for PBXNativeTarget "PhotoAnalyzerCLI" */;
			buildPhases = (
				3388AFF50D3D48FF9D23CD9F /* Sources */,
				C1D9EB9CA8FA4D76A4792636 /* Frameworks */,
			);
			buildRules = (
			);
			dependencies = (
			);
			name = PhotoAnalyzerCLI;
			packageProductDependencies = (
			);
			productName = PhotoAnalyzerCLI;
			productReference = 1A09E7E71F19468D8B698756 /* PhotoAnalyzerCLI */;
			productType = "com.apple.product-type.tool";
		};
		8FA2C25097464193AF022F3D /* rawViewerTests */ = {
			isa = PBXNativeTarget;
			buildConfigurationList = F27453D2C9F041F4854BEBCB /* Build configuration list for PBXNativeTarget "rawViewerTests" */;
			buildPhases = (
				7A9531FBCB3C4D8495205A34 /* Sources */,
				5D22961DA10749A287C56954 /* Frameworks */,
			);
			buildRules = (
			);
			dependencies = (
			);
			name = rawViewerTests;
			packageProductDependencies = (
			);
			productName = rawViewerTests;
			productReference = BB32040B54904569BDB64035 /* rawViewerTests */;
			productType = "com.apple.product-type.tool";
		};
/* End PBXNativeTarget section */

/* Begin PBXProject section */
		D8DB71282FC92FEA00F93F82 /* Project object */ = {
			isa = PBXProject;
			attributes = {
				BuildIndependentTargetsInParallel = 1;
				LastSwiftUpdateCheck = 2630;
				LastUpgradeCheck = 2630;
				TargetAttributes = {
					D8DB712F2FC92FEA00F93F82 = {
						CreatedOnToolsVersion = 26.3;
									8FA2C25097464193AF022F3D = {
					CreatedOnToolsVersion = 26.3;
				};
			};
				};
			};
			buildConfigurationList = D8DB712B2FC92FEA00F93F82 /* Build configuration list for PBXProject "rawViewer" */;
			developmentRegion = en;
			hasScannedForEncodings = 0;
			knownRegions = (
				en,
				Base,
			);
			mainGroup = D8DB71272FC92FEA00F93F82;
			minimizedProjectReferenceProxies = 1;
			preferredProjectObjectVersion = 77;
			productRefGroup = D8DB71312FC92FEA00F93F82 /* Products */;
			projectDirPath = "";
			projectRoot = "";
			targets = (
				D8DB712F2FC92FEA00F93F82 /* rawViewer */,
				28E1281724674CF8AE843240 /* PhotoAnalyzerCLI */,
				8FA2C25097464193AF022F3D /* rawViewerTests */,
			);
		};
/* End PBXProject section */

/* Begin PBXResourcesBuildPhase section */
		D8DB712E2FC92FEA00F93F82 /* Resources */ = {
			isa = PBXResourcesBuildPhase;
			buildActionMask = 2147483647;
			files = (
			);
			runOnlyForDeploymentPostprocessing = 0;
		};
/* End PBXResourcesBuildPhase section */

/* Begin PBXSourcesBuildPhase section */
		D8DB712C2FC92FEA00F93F82 /* Sources */ = {
			isa = PBXSourcesBuildPhase;
			buildActionMask = 2147483647;
			files = (
			);
			runOnlyForDeploymentPostprocessing = 0;
		};
		3388AFF50D3D48FF9D23CD9F /* Sources */ = {
			isa = PBXSourcesBuildPhase;
			buildActionMask = 2147483647;
			files = (
				6AD029932C234022929744B2 /* main.cpp in Sources */,
				E445CCDC0FF14B34A028B934 /* taskState.cpp in Sources */,
				7968CFF164734D93A3EDC4B6 /* configLoader.cpp in Sources */,
				3C2CDB74DF39451398CCB802 /* fileScanner.cpp in Sources */,
				9941EDA579DC4662B1BA1DB9 /* jsonManager.cpp in Sources */,
				CED0B665F71341B6B4D1001B /* resumePlanner.cpp in Sources */,
				B84C9CC29F1E4535B4B6A666 /* threadPool.cpp in Sources */,
				BE83762DF1204F5FA17F1918 /* rawConverter.cpp in Sources */,
				847F76F611DE46119F6B51D4 /* imageAnalyzer.cpp in Sources */,
				51F2D3135A414442BF8DBB5A /* appRunner.cpp in Sources */,
			);
			runOnlyForDeploymentPostprocessing = 0;
		};
		7A9531FBCB3C4D8495205A34 /* Sources */ = {
			isa = PBXSourcesBuildPhase;
			buildActionMask = 2147483647;
			files = (
				D1D806B9CF4F4CB6B168A3F4 /* testMain.cpp in Sources */,
				F55DBFD6A3DA4D5C8A33339C /* taskStateTests.cpp in Sources */,
				390A141DFBAA4595A7D0334E /* configLoaderTests.cpp in Sources */,
				FBA4A8B5A13943C3B840826D /* fileScannerTests.cpp in Sources */,
				FD50BBB7938A47518E48D8B8 /* jsonManagerTests.cpp in Sources */,
				6A0A493197BA4D398E2AB448 /* resumePlannerTests.cpp in Sources */,
				E1854C62404640D58D2C833B /* threadPoolTests.cpp in Sources */,
				4A7FF3DB4A2143A2B61B7174 /* imageAnalyzerTests.cpp in Sources */,
				D229B02982D542969D65E6AE /* rawConverterTests.cpp in Sources */,
				EFE869B79AB34248883A546A /* appRunnerTests.cpp in Sources */,
				88DCC893FC624A2087B49DC5 /* taskState.cpp in Sources */,
				C32E0AF602CE46B886ADCCF3 /* configLoader.cpp in Sources */,
				907741988F7F4F8EBE786674 /* fileScanner.cpp in Sources */,
				3799FC9948054DFB96C51AA0 /* jsonManager.cpp in Sources */,
				BCD572C60E754BBBA511220E /* resumePlanner.cpp in Sources */,
				A76797A1E91643A2AC8B1E2A /* threadPool.cpp in Sources */,
				32C633F01AAC42F4BDF74068 /* rawConverter.cpp in Sources */,
				934AD4F746284922AD9628BB /* imageAnalyzer.cpp in Sources */,
				5145714F6BAE4099AB0AD1AC /* appRunner.cpp in Sources */,
			);
			runOnlyForDeploymentPostprocessing = 0;
		};
/* End PBXSourcesBuildPhase section */

/* Begin XCBuildConfiguration section */
		D8DB71392FC92FEB00F93F82 /* Debug */ = {
			isa = XCBuildConfiguration;
			buildSettings = {
				ALWAYS_SEARCH_USER_PATHS = NO;
				ASSETCATALOG_COMPILER_GENERATE_SWIFT_ASSET_SYMBOL_EXTENSIONS = YES;
				CLANG_ANALYZER_NONNULL = YES;
				CLANG_ANALYZER_NUMBER_OBJECT_CONVERSION = YES_AGGRESSIVE;
				CLANG_CXX_LANGUAGE_STANDARD = "gnu++20";
				CLANG_ENABLE_MODULES = YES;
				CLANG_ENABLE_OBJC_ARC = YES;
				CLANG_ENABLE_OBJC_WEAK = YES;
				CLANG_WARN_BLOCK_CAPTURE_AUTORELEASING = YES;
				CLANG_WARN_BOOL_CONVERSION = YES;
				CLANG_WARN_COMMA = YES;
				CLANG_WARN_CONSTANT_CONVERSION = YES;
				CLANG_WARN_DEPRECATED_OBJC_IMPLEMENTATIONS = YES;
				CLANG_WARN_DIRECT_OBJC_ISA_USAGE = YES_ERROR;
				CLANG_WARN_DOCUMENTATION_COMMENTS = YES;
				CLANG_WARN_EMPTY_BODY = YES;
				CLANG_WARN_ENUM_CONVERSION = YES;
				CLANG_WARN_INFINITE_RECURSION = YES;
				CLANG_WARN_INT_CONVERSION = YES;
				CLANG_WARN_NON_LITERAL_NULL_CONVERSION = YES;
				CLANG_WARN_OBJC_IMPLICIT_RETAIN_SELF = YES;
				CLANG_WARN_OBJC_LITERAL_CONVERSION = YES;
				CLANG_WARN_OBJC_ROOT_CLASS = YES_ERROR;
				CLANG_WARN_QUOTED_INCLUDE_IN_FRAMEWORK_HEADER = YES;
				CLANG_WARN_RANGE_LOOP_ANALYSIS = YES;
				CLANG_WARN_STRICT_PROTOTYPES = YES;
				CLANG_WARN_SUSPICIOUS_MOVE = YES;
				CLANG_WARN_UNGUARDED_AVAILABILITY = YES_AGGRESSIVE;
				CLANG_WARN_UNREACHABLE_CODE = YES;
				CLANG_WARN__DUPLICATE_METHOD_MATCH = YES;
				COPY_PHASE_STRIP = NO;
				DEBUG_INFORMATION_FORMAT = dwarf;
				ENABLE_STRICT_OBJC_MSGSEND = YES;
				ENABLE_TESTABILITY = YES;
				ENABLE_USER_SCRIPT_SANDBOXING = YES;
				GCC_C_LANGUAGE_STANDARD = gnu17;
				GCC_DYNAMIC_NO_PIC = NO;
				GCC_NO_COMMON_BLOCKS = YES;
				GCC_OPTIMIZATION_LEVEL = 0;
				GCC_PREPROCESSOR_DEFINITIONS = (
					"DEBUG=1",
					"$(inherited)",
				);
				GCC_WARN_64_TO_32_BIT_CONVERSION = YES;
				GCC_WARN_ABOUT_RETURN_TYPE = YES_ERROR;
				GCC_WARN_UNDECLARED_SELECTOR = YES;
				GCC_WARN_UNINITIALIZED_AUTOS = YES_AGGRESSIVE;
				GCC_WARN_UNUSED_FUNCTION = YES;
				GCC_WARN_UNUSED_VARIABLE = YES;
				LOCALIZATION_PREFERS_STRING_CATALOGS = YES;
				MACOSX_DEPLOYMENT_TARGET = 26.2;
				MTL_ENABLE_DEBUG_INFO = INCLUDE_SOURCE;
				MTL_FAST_MATH = YES;
				ONLY_ACTIVE_ARCH = YES;
				SDKROOT = macosx;
				SWIFT_ACTIVE_COMPILATION_CONDITIONS = "DEBUG $(inherited)";
				SWIFT_OPTIMIZATION_LEVEL = "-Onone";
			};
			name = Debug;
		};
		D8DB713A2FC92FEB00F93F82 /* Release */ = {
			isa = XCBuildConfiguration;
			buildSettings = {
				ALWAYS_SEARCH_USER_PATHS = NO;
				ASSETCATALOG_COMPILER_GENERATE_SWIFT_ASSET_SYMBOL_EXTENSIONS = YES;
				CLANG_ANALYZER_NONNULL = YES;
				CLANG_ANALYZER_NUMBER_OBJECT_CONVERSION = YES_AGGRESSIVE;
				CLANG_CXX_LANGUAGE_STANDARD = "gnu++20";
				CLANG_ENABLE_MODULES = YES;
				CLANG_ENABLE_OBJC_ARC = YES;
				CLANG_ENABLE_OBJC_WEAK = YES;
				CLANG_WARN_BLOCK_CAPTURE_AUTORELEASING = YES;
				CLANG_WARN_BOOL_CONVERSION = YES;
				CLANG_WARN_COMMA = YES;
				CLANG_WARN_CONSTANT_CONVERSION = YES;
				CLANG_WARN_DEPRECATED_OBJC_IMPLEMENTATIONS = YES;
				CLANG_WARN_DIRECT_OBJC_ISA_USAGE = YES_ERROR;
				CLANG_WARN_DOCUMENTATION_COMMENTS = YES;
				CLANG_WARN_EMPTY_BODY = YES;
				CLANG_WARN_ENUM_CONVERSION = YES;
				CLANG_WARN_INFINITE_RECURSION = YES;
				CLANG_WARN_INT_CONVERSION = YES;
				CLANG_WARN_NON_LITERAL_NULL_CONVERSION = YES;
				CLANG_WARN_OBJC_IMPLICIT_RETAIN_SELF = YES;
				CLANG_WARN_OBJC_LITERAL_CONVERSION = YES;
				CLANG_WARN_OBJC_ROOT_CLASS = YES_ERROR;
				CLANG_WARN_QUOTED_INCLUDE_IN_FRAMEWORK_HEADER = YES;
				CLANG_WARN_RANGE_LOOP_ANALYSIS = YES;
				CLANG_WARN_STRICT_PROTOTYPES = YES;
				CLANG_WARN_SUSPICIOUS_MOVE = YES;
				CLANG_WARN_UNGUARDED_AVAILABILITY = YES_AGGRESSIVE;
				CLANG_WARN_UNREACHABLE_CODE = YES;
				CLANG_WARN__DUPLICATE_METHOD_MATCH = YES;
				COPY_PHASE_STRIP = NO;
				DEBUG_INFORMATION_FORMAT = "dwarf-with-dsym";
				ENABLE_NS_ASSERTIONS = NO;
				ENABLE_STRICT_OBJC_MSGSEND = YES;
				ENABLE_USER_SCRIPT_SANDBOXING = YES;
				GCC_C_LANGUAGE_STANDARD = gnu17;
				GCC_NO_COMMON_BLOCKS = YES;
				GCC_WARN_64_TO_32_BIT_CONVERSION = YES;
				GCC_WARN_ABOUT_RETURN_TYPE = YES_ERROR;
				GCC_WARN_UNDECLARED_SELECTOR = YES;
				GCC_WARN_UNINITIALIZED_AUTOS = YES_AGGRESSIVE;
				GCC_WARN_UNUSED_FUNCTION = YES;
				GCC_WARN_UNUSED_VARIABLE = YES;
				LOCALIZATION_PREFERS_STRING_CATALOGS = YES;
				MACOSX_DEPLOYMENT_TARGET = 26.2;
				MTL_ENABLE_DEBUG_INFO = NO;
				MTL_FAST_MATH = YES;
				SDKROOT = macosx;
				SWIFT_COMPILATION_MODE = wholemodule;
			};
			name = Release;
		};
		D8DB713C2FC92FEB00F93F82 /* Debug */ = {
			isa = XCBuildConfiguration;
			buildSettings = {
				ASSETCATALOG_COMPILER_APPICON_NAME = AppIcon;
				ASSETCATALOG_COMPILER_GLOBAL_ACCENT_COLOR_NAME = AccentColor;
				CODE_SIGN_STYLE = Automatic;
				COMBINE_HIDPI_IMAGES = YES;
				CURRENT_PROJECT_VERSION = 1;
				ENABLE_APP_SANDBOX = YES;
				ENABLE_PREVIEWS = YES;
				ENABLE_USER_SELECTED_FILES = readonly;
				GENERATE_INFOPLIST_FILE = YES;
				INFOPLIST_KEY_NSHumanReadableCopyright = "";
				LD_RUNPATH_SEARCH_PATHS = (
					"$(inherited)",
					"@executable_path/../Frameworks",
				);
				MARKETING_VERSION = 1.0;
				PRODUCT_BUNDLE_IDENTIFIER = Wilbur.rawViewer;
				PRODUCT_NAME = "$(TARGET_NAME)";
				REGISTER_APP_GROUPS = YES;
				STRING_CATALOG_GENERATE_SYMBOLS = YES;
				SWIFT_APPROACHABLE_CONCURRENCY = YES;
				SWIFT_DEFAULT_ACTOR_ISOLATION = MainActor;
				SWIFT_EMIT_LOC_STRINGS = YES;
				SWIFT_UPCOMING_FEATURE_MEMBER_IMPORT_VISIBILITY = YES;
				SWIFT_VERSION = 5.0;
			};
			name = Debug;
		};
		D8DB713D2FC92FEB00F93F82 /* Release */ = {
			isa = XCBuildConfiguration;
			buildSettings = {
				ASSETCATALOG_COMPILER_APPICON_NAME = AppIcon;
				ASSETCATALOG_COMPILER_GLOBAL_ACCENT_COLOR_NAME = AccentColor;
				CODE_SIGN_STYLE = Automatic;
				COMBINE_HIDPI_IMAGES = YES;
				CURRENT_PROJECT_VERSION = 1;
				ENABLE_APP_SANDBOX = YES;
				ENABLE_PREVIEWS = YES;
				ENABLE_USER_SELECTED_FILES = readonly;
				GENERATE_INFOPLIST_FILE = YES;
				INFOPLIST_KEY_NSHumanReadableCopyright = "";
				LD_RUNPATH_SEARCH_PATHS = (
					"$(inherited)",
					"@executable_path/../Frameworks",
				);
				MARKETING_VERSION = 1.0;
				PRODUCT_BUNDLE_IDENTIFIER = Wilbur.rawViewer;
				PRODUCT_NAME = "$(TARGET_NAME)";
				REGISTER_APP_GROUPS = YES;
				STRING_CATALOG_GENERATE_SYMBOLS = YES;
				SWIFT_APPROACHABLE_CONCURRENCY = YES;
				SWIFT_DEFAULT_ACTOR_ISOLATION = MainActor;
				SWIFT_EMIT_LOC_STRINGS = YES;
				SWIFT_UPCOMING_FEATURE_MEMBER_IMPORT_VISIBILITY = YES;
				SWIFT_VERSION = 5.0;
			};
			name = Release;
		};
		41760C872A7B41F4A8BCB150 /* Debug */ = {
			isa = XCBuildConfiguration;
			buildSettings = {
				CLANG_CXX_LANGUAGE_STANDARD = "gnu++17";
				CODE_SIGN_STYLE = Automatic;
				HEADER_SEARCH_PATHS = (
				"$(PROJECT_DIR)/cpp/include",
				"$(PROJECT_DIR)/3rdPart/json",
				"$(PROJECT_DIR)/3rdPart/yaml/include",
				"$(PROJECT_DIR)/3rdPart/opencv/include/opencv4",
				"$(PROJECT_DIR)/3rdPart/libraw/include",
				);
				LIBRARY_SEARCH_PATHS = (
				"$(PROJECT_DIR)/3rdPart/opencv/lib",
				"$(PROJECT_DIR)/3rdPart/libraw/lib",
				"$(PROJECT_DIR)/3rdPart/yaml/lib",
				);
				OTHER_LDFLAGS = (
				"-lopencv_core",
				"-lopencv_imgcodecs",
				"-lopencv_imgproc",
				"-lraw",
				"-lyaml-cpp",
				"-lc++",
				"-framework",
				Accelerate,
				"-framework",
				OpenCL,
				"-lz",
				"-L$(PROJECT_DIR)/3rdPart/opencv/lib/opencv4/3rdparty",
				"-llibpng",
				"-llibjpeg-turbo",
				"-llibtiff",
				"-llibwebp",
				"-llibopenjp2",
				"-lIlmImf",
				"-lzlib",
				"-littnotify",
				"-ltegra_hal",
				"-lkleidicv_hal",
				"-lkleidicv_thread",
				"-lkleidicv",
				);
				PRODUCT_NAME = "$(TARGET_NAME)";
				ONLY_ACTIVE_ARCH = YES;
				ARCHS = arm64;
				SDKROOT = macosx;
			};
			name = Debug;
		};
		07204A31C14B405AB4457E4C /* Release */ = {
			isa = XCBuildConfiguration;
			buildSettings = {
				CLANG_CXX_LANGUAGE_STANDARD = "gnu++17";
				CODE_SIGN_STYLE = Automatic;
				HEADER_SEARCH_PATHS = (
				"$(PROJECT_DIR)/cpp/include",
				"$(PROJECT_DIR)/3rdPart/json",
				"$(PROJECT_DIR)/3rdPart/yaml/include",
				"$(PROJECT_DIR)/3rdPart/opencv/include/opencv4",
				"$(PROJECT_DIR)/3rdPart/libraw/include",
				);
				LIBRARY_SEARCH_PATHS = (
				"$(PROJECT_DIR)/3rdPart/opencv/lib",
				"$(PROJECT_DIR)/3rdPart/libraw/lib",
				"$(PROJECT_DIR)/3rdPart/yaml/lib",
				);
				OTHER_LDFLAGS = (
				"-lopencv_core",
				"-lopencv_imgcodecs",
				"-lopencv_imgproc",
				"-lraw",
				"-lyaml-cpp",
				"-lc++",
				"-framework",
				Accelerate,
				"-framework",
				OpenCL,
				"-lz",
				"-L$(PROJECT_DIR)/3rdPart/opencv/lib/opencv4/3rdparty",
				"-llibpng",
				"-llibjpeg-turbo",
				"-llibtiff",
				"-llibwebp",
				"-llibopenjp2",
				"-lIlmImf",
				"-lzlib",
				"-littnotify",
				"-ltegra_hal",
				"-lkleidicv_hal",
				"-lkleidicv_thread",
				"-lkleidicv",
				);
				PRODUCT_NAME = "$(TARGET_NAME)";
				ONLY_ACTIVE_ARCH = YES;
				ARCHS = arm64;
				SDKROOT = macosx;
			};
			name = Release;
		};
		91FD9F604DEC4E94BC16A4FA /* Debug */ = {
			isa = XCBuildConfiguration;
			buildSettings = {
				CLANG_CXX_LANGUAGE_STANDARD = "gnu++17";
				CODE_SIGN_STYLE = Automatic;
				HEADER_SEARCH_PATHS = (
				"$(PROJECT_DIR)/cpp/include",
				"$(PROJECT_DIR)/3rdPart/json",
				"$(PROJECT_DIR)/3rdPart/yaml/include",
				"$(PROJECT_DIR)/3rdPart/opencv/include/opencv4",
				"$(PROJECT_DIR)/3rdPart/libraw/include",
				);
				LIBRARY_SEARCH_PATHS = (
				"$(PROJECT_DIR)/3rdPart/opencv/lib",
				"$(PROJECT_DIR)/3rdPart/opencv/lib/opencv4/3rdparty",
				"$(PROJECT_DIR)/3rdPart/libraw/lib",
				"$(PROJECT_DIR)/3rdPart/yaml/lib",
				);
				OTHER_LDFLAGS = (
				"-lopencv_core",
				"-lopencv_imgcodecs",
				"-lopencv_imgproc",
				"-lraw",
				"-lyaml-cpp",
				"-lc++",
				"-framework",
				Accelerate,
				"-framework",
				OpenCL,
				"-lz",
				"-L$(PROJECT_DIR)/3rdPart/opencv/lib/opencv4/3rdparty",
				"-llibpng",
				"-llibjpeg-turbo",
				"-llibtiff",
				"-llibwebp",
				"-llibopenjp2",
				"-lIlmImf",
				"-lzlib",
				"-littnotify",
				"-ltegra_hal",
				"-lkleidicv_hal",
				"-lkleidicv_thread",
				"-lkleidicv",
				);
				PRODUCT_NAME = "$(TARGET_NAME)";
				SDKROOT = macosx;
			};
			name = Debug;
		};
		B5DADD81867B47FAA4249629 /* Release */ = {
			isa = XCBuildConfiguration;
			buildSettings = {
				CLANG_CXX_LANGUAGE_STANDARD = "gnu++17";
				CODE_SIGN_STYLE = Automatic;
				HEADER_SEARCH_PATHS = (
				"$(PROJECT_DIR)/cpp/include",
				"$(PROJECT_DIR)/3rdPart/json",
				"$(PROJECT_DIR)/3rdPart/yaml/include",
				"$(PROJECT_DIR)/3rdPart/opencv/include/opencv4",
				"$(PROJECT_DIR)/3rdPart/libraw/include",
				);
				LIBRARY_SEARCH_PATHS = (
				"$(PROJECT_DIR)/3rdPart/opencv/lib",
				"$(PROJECT_DIR)/3rdPart/opencv/lib/opencv4/3rdparty",
				"$(PROJECT_DIR)/3rdPart/libraw/lib",
				"$(PROJECT_DIR)/3rdPart/yaml/lib",
				);
				OTHER_LDFLAGS = (
				"-lopencv_core",
				"-lopencv_imgcodecs",
				"-lopencv_imgproc",
				"-lraw",
				"-lyaml-cpp",
				"-lc++",
				"-framework",
				Accelerate,
				"-framework",
				OpenCL,
				"-lz",
				"-L$(PROJECT_DIR)/3rdPart/opencv/lib/opencv4/3rdparty",
				"-llibpng",
				"-llibjpeg-turbo",
				"-llibtiff",
				"-llibwebp",
				"-llibopenjp2",
				"-lIlmImf",
				"-lzlib",
				"-littnotify",
				"-ltegra_hal",
				"-lkleidicv_hal",
				"-lkleidicv_thread",
				"-lkleidicv",
				);
				PRODUCT_NAME = "$(TARGET_NAME)";
				SDKROOT = macosx;
			};
			name = Release;
		};
/* End XCBuildConfiguration section */

/* Begin XCConfigurationList section */
		D8DB712B2FC92FEA00F93F82 /* Build configuration list for PBXProject "rawViewer" */ = {
			isa = XCConfigurationList;
			buildConfigurations = (
				D8DB71392FC92FEB00F93F82 /* Debug */,
				D8DB713A2FC92FEB00F93F82 /* Release */,
			);
			defaultConfigurationIsVisible = 0;
			defaultConfigurationName = Release;
		};
		D8DB713B2FC92FEB00F93F82 /* Build configuration list for PBXNativeTarget "rawViewer" */ = {
			isa = XCConfigurationList;
			buildConfigurations = (
				D8DB713C2FC92FEB00F93F82 /* Debug */,
				D8DB713D2FC92FEB00F93F82 /* Release */,
			);
			defaultConfigurationIsVisible = 0;
			defaultConfigurationName = Release;
		};
		F41A89906BE14F78B2C96B05 /* Build configuration list for PBXNativeTarget "PhotoAnalyzerCLI" */ = {
			isa = XCConfigurationList;
			buildConfigurations = (
				41760C872A7B41F4A8BCB150 /* Debug */,
				07204A31C14B405AB4457E4C /* Release */,
			);
			defaultConfigurationIsVisible = 0;
			defaultConfigurationName = Release;
		};
		F27453D2C9F041F4854BEBCB /* Build configuration list for PBXNativeTarget "rawViewerTests" */ = {
			isa = XCConfigurationList;
			buildConfigurations = (
				91FD9F604DEC4E94BC16A4FA /* Debug */,
				B5DADD81867B47FAA4249629 /* Release */,
			);
			defaultConfigurationIsVisible = 0;
			defaultConfigurationName = Release;
		};
/* End XCConfigurationList section */
	};
	rootObject = D8DB71282FC92FEA00F93F82 /* Project object */;
}
